<?xml version="1.0" encoding="utf-8"?>
<Project ToolsVersion="4.0" xmlns="http://schemas.microsoft.com/developer/msbuild/2003">
  <ItemGroup>
    <Filter Include="src">
      <UniqueIdentifier>{cdf89a5b-efd5-4812-afb8-16c2b7aaf980}</UniqueIdentifier>
    </Filter>
    <Filter Include="hdr">
      <UniqueIdentifier>{744b96a1-bbca-4c4b-a715-87d550be3f8c}</UniqueIdentifier>
    </Filter>
    <Filter Include="raw">
      <UniqueIdentifier>{9a1629be-e265-4ac4-91d8-41815c04fbe8}</UniqueIdentifier>
    </Filter>
    <Filter Include="external">
      <UniqueIdentifier>{3a710da0-52fe-40f8-a6d1-cc7600ae0896}</UniqueIdentifier>
    </Filter>
  </ItemGroup>
  <ItemGroup>
    <ClCompile Include="src\Camera.c">
      <Filter>src</Filter>
    </ClCompile>
    <ClCompile Include="src\Font.c">
      <Filter>src</Filter>
    </ClCompile>
    <ClCompile Include="src\Gui.c">
      <Filter>src</Filter>
    </ClCompile>
    <ClCompile Include="src\Primitive.c">
      <Filter>src</Filter>
    </ClCompile>
    <ClCompile Include="src\Texture.c">
      <Filter>src</Filter>
    </ClCompile>
    <ClCompile Include="src\raw\Raw_error.c">
      <Filter>raw</Filter>
    </ClCompile>
    <ClCompile Include="src\external\lodepng.c">
      <Filter>external</Filter>
    </ClCompile>
    <ClCompile Include="src\Text.c">
      <Filter>src</Filter>
    </ClCompile>
    <ClCompile Include="src\Window.c">
      <Filter>src</Filter>
    </ClCompile>
    <ClCompile Include="src\Draw.c">
      <Filter>src</Filter>
    </ClCompile>
    <ClCompile Include="src\Color.c">
      <Filter>src</Filter>
    </ClCompile>
  </ItemGroup>
  <ItemGroup>
    <ClInclude Include="src\hdr\Camera.h">
      <Filter>hdr</Filter>
    </ClInclude>
    <ClInclude Include="src\hdr\Font.h">
      <Filter>hdr</Filter>
    </ClInclude>
    <ClInclude Include="src\hdr\Gui.h">
      <Filter>hdr</Filter>
    </ClInclude>
    <ClInclude Include="src\hdr\Primitive.h">
      <Filter>hdr</Filter>
    </ClInclude>
    <ClInclude Include="src\hdr\Texture.h">
      <Filter>hdr</Filter>
    </ClInclude>
    <ClInclude Include="src\external\lodepng.h">
      <Filter>external</Filter>
    </ClInclude>
    <ClInclude Include="src\hdr\TypesGraphics.h">
      <Filter>hdr</Filter>
    </ClInclude>
    <ClInclude Include="src\hdr\StructGraphics.h">
      <Filter>hdr</Filter>
    </ClInclude>
    <ClInclude Include="src\hdr\Text.h">
      <Filter>hdr</Filter>
    </ClInclude>
    <ClInclude Include="src\hdr\Window.h">
      <Filter>hdr</Filter>
    </ClInclude>
    <ClInclude Include="src\hdr\Draw.h">
      <Filter>hdr</Filter>
    </ClInclude>
    <ClInclude Include="src\hdr\Color.h">
      <Filter>hdr</Filter>
    </ClInclude>
  </ItemGroup>
</Project>