<?xml version="1.0" encoding="utf-8"?>
<Project ToolsVersion="4.0" xmlns="http://schemas.microsoft.com/developer/msbuild/2003">
  <ItemGroup>
    <Filter Include="external">
      <UniqueIdentifier>{ea8a1cdc-8591-49a9-8e42-774896eac324}</UniqueIdentifier>
    </Filter>
    <Filter Include="src">
      <UniqueIdentifier>{4FC737F1-C7A5-4376-A066-2A32D752A2FF}</UniqueIdentifier>
      <Extensions>cpp;c;cc;cxx;def;odl;idl;hpj;bat;asm;asmx</Extensions>
    </Filter>
    <Filter Include="hdr">
      <UniqueIdentifier>{98a459bf-b5f8-497d-9142-12024999c7af}</UniqueIdentifier>
    </Filter>
    <Filter Include="raw">
      <UniqueIdentifier>{638edddf-5e24-4d4d-ba0a-737dbbc75996}</UniqueIdentifier>
    </Filter>
  </ItemGroup>
  <ItemGroup>
    <ClCompile Include="src\Input.c">
      <Filter>src</Filter>
    </ClCompile>
    <ClCompile Include="src\external\icestd.c">
      <Filter>external</Filter>
    </ClCompile>
    <ClCompile Include="src\external\rlutil.c">
      <Filter>external</Filter>
    </ClCompile>
    <ClCompile Include="src\Map.c">
      <Filter>src</Filter>
    </ClCompile>
    <ClCompile Include="src\Core.c">
      <Filter>src</Filter>
    </ClCompile>
    <ClCompile Include="src\Game.c">
      <Filter>src</Filter>
    </ClCompile>
    <ClCompile Include="src\Entity.c">
      <Filter>src</Filter>
    </ClCompile>
    <ClCompile Include="src\Debug.c">
      <Filter>src</Filter>
    </ClCompile>
    <ClCompile Include="src\Data.c">
      <Filter>src</Filter>
    </ClCompile>
    <ClCompile Include="src\Substate.c">
      <Filter>src</Filter>
    </ClCompile>
    <ClCompile Include="src\Terminal.c">
      <Filter>src</Filter>
    </ClCompile>
    <ClCompile Include="src\raw\Raw_icon.c">
      <Filter>raw</Filter>
    </ClCompile>
    <ClCompile Include="src\Converter.c">
      <Filter>src</Filter>
    </ClCompile>
  </ItemGroup>
  <ItemGroup>
    <ClInclude Include="src\external\rlutil.h">
      <Filter>external</Filter>
    </ClInclude>
    <ClInclude Include="src\hdr\Input.h">
      <Filter>hdr</Filter>
    </ClInclude>
    <ClInclude Include="src\external\icestd.h">
      <Filter>external</Filter>
    </ClInclude>
    <ClInclude Include="src\hdr\Map.h">
      <Filter>hdr</Filter>
    </ClInclude>
    <ClInclude Include="src\hdr\Core.h">
      <Filter>hdr</Filter>
    </ClInclude>
    <ClInclude Include="src\hdr\Game.h">
      <Filter>hdr</Filter>
    </ClInclude>
    <ClInclude Include="src\hdr\Entity.h">
      <Filter>hdr</Filter>
    </ClInclude>
    <ClInclude Include="src\hdr\Data.h">
      <Filter>hdr</Filter>
    </ClInclude>
    <ClInclude Include="src\hdr\Substate.h">
      <Filter>hdr</Filter>
    </ClInclude>
    <ClInclude Include="src\hdr\Terminal.h">
      <Filter>hdr</Filter>
    </ClInclude>
    <ClInclude Include="src\hdr\Converter.h">
      <Filter>hdr</Filter>
    </ClInclude>
    <ClInclude Include="src\hdr\TypesCore.h">
      <Filter>hdr</Filter>
    </ClInclude>
    <ClInclude Include="src\hdr\StructCore.h">
      <Filter>hdr</Filter>
    </ClInclude>
  </ItemGroup>
  <ItemGroup>
    <None Include="src\hdr\Debug.h">
      <Filter>hdr</Filter>
    </None>
  </ItemGroup>
</Project>