<?xml version="1.0" encoding="UTF-8" standalone="yes" ?>
<CodeBlocks_project_file>
	<FileVersion major="1" minor="6" />
	<Project>
		<Option title="ICE" />
		<Option pch_mode="2" />
		<Option compiler="clang" />
		<Build>
			<Target title="Debug">
				<Option output="bin/Debug/ICE" prefix_auto="1" extension_auto="1" />
				<Option working_dir="" />
				<Option object_output="obj/Debug/" />
				<Option type="2" />
				<Option compiler="clang" />
				<Compiler>
					<Add option="-g" />
				</Compiler>
			</Target>
			<Target title="Release">
				<Option output="bin/Release/ICE" prefix_auto="1" extension_auto="1" />
				<Option object_output="obj/Release/" />
				<Option type="1" />
				<Option compiler="clang" />
				<Compiler>
					<Add option="-O2" />
				</Compiler>
				<Linker>
					<Add option="-s" />
				</Linker>
			</Target>
		</Build>
		<Compiler>
			<Add option="-Weverything" />
		</Compiler>
		<Unit filename="ICEngine/src/Camera.c">
			<Option compilerVar="CC" />
		</Unit>
		<Unit filename="ICEngine/src/Core.c">
			<Option compilerVar="CC" />
		</Unit>
		<Unit filename="ICEngine/src/Data.c">
			<Option compilerVar="CC" />
		</Unit>
		<Unit filename="ICEngine/src/Debug.c">
			<Option compilerVar="CC" />
		</Unit>
		<Unit filename="ICEngine/src/Entity.c">
			<Option compilerVar="CC" />
		</Unit>
		<Unit filename="ICEngine/src/Font.c">
			<Option compilerVar="CC" />
		</Unit>
		<Unit filename="ICEngine/src/Game.c">
			<Option compilerVar="CC" />
		</Unit>
		<Unit filename="ICEngine/src/Gui.c">
			<Option compilerVar="CC" />
		</Unit>
		<Unit filename="ICEngine/src/Input.c">
			<Option compilerVar="CC" />
		</Unit>
		<Unit filename="ICEngine/src/Map.c">
			<Option compilerVar="CC" />
		</Unit>
		<Unit filename="ICEngine/src/Physics.c">
			<Option compilerVar="CC" />
		</Unit>
		<Unit filename="ICEngine/src/Primitive.c">
			<Option compilerVar="CC" />
		</Unit>
		<Unit filename="ICEngine/src/Render.c">
			<Option compilerVar="CC" />
		</Unit>
		<Unit filename="ICEngine/src/Sound.c">
			<Option compilerVar="CC" />
		</Unit>
		<Unit filename="ICEngine/src/Substate.c">
			<Option compilerVar="CC" />
		</Unit>
		<Unit filename="ICEngine/src/Terminal.c">
			<Option compilerVar="CC" />
		</Unit>
		<Unit filename="ICEngine/src/Texture.c">
			<Option compilerVar="CC" />
		</Unit>
		<Unit filename="ICEngine/src/Time.c">
			<Option compilerVar="CC" />
		</Unit>
		<Unit filename="ICEngine/src/external/icestd.c">
			<Option compilerVar="CC" />
		</Unit>
		<Unit filename="ICEngine/src/external/icestd.h" />
		<Unit filename="ICEngine/src/external/lodepng.c">
			<Option compilerVar="CC" />
		</Unit>
		<Unit filename="ICEngine/src/external/lodepng.h" />
		<Unit filename="ICEngine/src/external/rlutil.c">
			<Option compilerVar="CC" />
		</Unit>
		<Unit filename="ICEngine/src/external/rlutil.h" />
		<Unit filename="ICEngine/src/hdr/Camera.h" />
		<Unit filename="ICEngine/src/hdr/Core.h" />
		<Unit filename="ICEngine/src/hdr/Data.h" />
		<Unit filename="ICEngine/src/hdr/Debug.h" />
		<Unit filename="ICEngine/src/hdr/Entity.h" />
		<Unit filename="ICEngine/src/hdr/Font.h" />
		<Unit filename="ICEngine/src/hdr/Game.h" />
		<Unit filename="ICEngine/src/hdr/Gui.h" />
		<Unit filename="ICEngine/src/hdr/Input.h" />
		<Unit filename="ICEngine/src/hdr/Map.h" />
		<Unit filename="ICEngine/src/hdr/Physics.h" />
		<Unit filename="ICEngine/src/hdr/Primitive.h" />
		<Unit filename="ICEngine/src/hdr/Render.h" />
		<Unit filename="ICEngine/src/hdr/Sound.h" />
		<Unit filename="ICEngine/src/hdr/Struct.h" />
		<Unit filename="ICEngine/src/hdr/Substate.h" />
		<Unit filename="ICEngine/src/hdr/Terminal.h" />
		<Unit filename="ICEngine/src/hdr/Texture.h" />
		<Unit filename="ICEngine/src/hdr/Time.h" />
		<Unit filename="ICEngine/src/raw/Raw_error.c">
			<Option compilerVar="CC" />
		</Unit>
		<Unit filename="ICEngine/src/raw/Raw_icon.c">
			<Option compilerVar="CC" />
		</Unit>
		<Extensions>
			<code_completion />
			<envvars />
			<lib_finder disable_auto="1" />
			<debugger />
		</Extensions>
	</Project>
</CodeBlocks_project_file>
