<?xml version="1.0" encoding="UTF-8" standalone="yes" ?>
<CodeBlocks_project_file>
	<FileVersion major="1" minor="6" />
	<Project>
		<Option title="ICE" />
		<Option pch_mode="2" />
		<Option compiler="gcc" />
		<Build>
			<Target title="Debug">
				<Option output="bin/Debug/ICE" prefix_auto="1" extension_auto="1" />
				<Option working_dir="" />
				<Option object_output="obj/Debug/" />
				<Option type="2" />
				<Option compiler="gcc" />
				<Compiler>
					<Add option="-g" />
					<Add directory="ICEAudio/src/hdr" />
					<Add directory="ICECore/src/hdr" />
					<Add directory="ICEGraphics/src/hdr" />
					<Add directory="ICEMaths/src/hdr" />
					<Add directory="ICEPhysics/src/hdr" />
				</Compiler>
				<Linker>
					<Add library="SDL2" />
					<Add library="SDL2main" />
					<Add library="SDL2_ttf" />
					<Add library="SDL2_mixer" />
				</Linker>
			</Target>
			<Target title="Release">
				<Option output="bin/Release/ICE" prefix_auto="1" extension_auto="1" />
				<Option object_output="obj/Release/" />
				<Option type="1" />
				<Option compiler="gcc" />
				<Compiler>
					<Add option="-O2" />
				</Compiler>
				<Linker>
					<Add option="-s" />
				</Linker>
			</Target>
		</Build>
		<Compiler>
			<Add option="-Wall" />
		</Compiler>
		<Unit filename="ICEAudio/src/Sound.c">
			<Option compilerVar="CC" />
		</Unit>
		<Unit filename="ICEAudio/src/hdr/Sound.h" />
		<Unit filename="ICEAudio/src/hdr/StructAudio.h" />
		<Unit filename="ICECore/src/Converter.c">
			<Option compilerVar="CC" />
		</Unit>
		<Unit filename="ICECore/src/Core.c">
			<Option compilerVar="CC" />
		</Unit>
		<Unit filename="ICECore/src/Data.c">
			<Option compilerVar="CC" />
		</Unit>
		<Unit filename="ICECore/src/Debug.c">
			<Option compilerVar="CC" />
		</Unit>
		<Unit filename="ICECore/src/Entity.c">
			<Option compilerVar="CC" />
		</Unit>
		<Unit filename="ICECore/src/Game.c">
			<Option compilerVar="CC" />
		</Unit>
		<Unit filename="ICECore/src/Input.c">
			<Option compilerVar="CC" />
		</Unit>
		<Unit filename="ICECore/src/Map.c">
			<Option compilerVar="CC" />
		</Unit>
		<Unit filename="ICECore/src/Substate.c">
			<Option compilerVar="CC" />
		</Unit>
		<Unit filename="ICECore/src/Terminal.c">
			<Option compilerVar="CC" />
		</Unit>
		<Unit filename="ICECore/src/external/icestd.c">
			<Option compilerVar="CC" />
		</Unit>
		<Unit filename="ICECore/src/external/icestd.h" />
		<Unit filename="ICECore/src/external/rlutil.c">
			<Option compilerVar="CC" />
		</Unit>
		<Unit filename="ICECore/src/external/rlutil.h" />
		<Unit filename="ICECore/src/hdr/Converter.h" />
		<Unit filename="ICECore/src/hdr/Core.h" />
		<Unit filename="ICECore/src/hdr/Data.h" />
		<Unit filename="ICECore/src/hdr/Debug.h" />
		<Unit filename="ICECore/src/hdr/Entity.h" />
		<Unit filename="ICECore/src/hdr/Game.h" />
		<Unit filename="ICECore/src/hdr/Input.h" />
		<Unit filename="ICECore/src/hdr/Map.h" />
		<Unit filename="ICECore/src/hdr/StructCore.h" />
		<Unit filename="ICECore/src/hdr/Substate.h" />
		<Unit filename="ICECore/src/hdr/Terminal.h" />
		<Unit filename="ICECore/src/hdr/TypesCore.h" />
		<Unit filename="ICECore/src/raw/Raw_icon.c">
			<Option compilerVar="CC" />
		</Unit>
		<Unit filename="ICEGraphics/src/Camera.c">
			<Option compilerVar="CC" />
		</Unit>
		<Unit filename="ICEGraphics/src/Font.c">
			<Option compilerVar="CC" />
		</Unit>
		<Unit filename="ICEGraphics/src/Gui.c">
			<Option compilerVar="CC" />
		</Unit>
		<Unit filename="ICEGraphics/src/Primitive.c">
			<Option compilerVar="CC" />
		</Unit>
		<Unit filename="ICEGraphics/src/Render.c">
			<Option compilerVar="CC" />
		</Unit>
		<Unit filename="ICEGraphics/src/Texture.c">
			<Option compilerVar="CC" />
		</Unit>
		<Unit filename="ICEGraphics/src/external/lodepng.c">
			<Option compilerVar="CC" />
		</Unit>
		<Unit filename="ICEGraphics/src/external/lodepng.h" />
		<Unit filename="ICEGraphics/src/hdr/Camera.h" />
		<Unit filename="ICEGraphics/src/hdr/Font.h" />
		<Unit filename="ICEGraphics/src/hdr/Gui.h" />
		<Unit filename="ICEGraphics/src/hdr/Primitive.h" />
		<Unit filename="ICEGraphics/src/hdr/Render.h" />
		<Unit filename="ICEGraphics/src/hdr/StructGraphics.h" />
		<Unit filename="ICEGraphics/src/hdr/Texture.h" />
		<Unit filename="ICEGraphics/src/hdr/TypesGraphics.h" />
		<Unit filename="ICEGraphics/src/raw/Raw_error.c">
			<Option compilerVar="CC" />
		</Unit>
		<Unit filename="ICEMaths/src/Box.c">
			<Option compilerVar="CC" />
		</Unit>
		<Unit filename="ICEMaths/src/Maths.c">
			<Option compilerVar="CC" />
		</Unit>
		<Unit filename="ICEMaths/src/Random.c">
			<Option compilerVar="CC" />
		</Unit>
		<Unit filename="ICEMaths/src/Vector.c">
			<Option compilerVar="CC" />
		</Unit>
		<Unit filename="ICEMaths/src/hdr/Box.h" />
		<Unit filename="ICEMaths/src/hdr/Maths.h" />
		<Unit filename="ICEMaths/src/hdr/Random.h" />
		<Unit filename="ICEMaths/src/hdr/StructMaths.h" />
		<Unit filename="ICEMaths/src/hdr/TypesMaths.h" />
		<Unit filename="ICEMaths/src/hdr/Vector.h" />
		<Unit filename="ICEPhysics/src/Physics.c">
			<Option compilerVar="CC" />
		</Unit>
		<Unit filename="ICEPhysics/src/hdr/Physics.h" />
		<Extensions>
			<code_completion />
			<debugger />
		</Extensions>
	</Project>
</CodeBlocks_project_file>
