
Microsoft Visual Studio Solution File, Format Version 12.00
# Visual Studio 15
VisualStudioVersion = 15.0.27130.2010
MinimumVisualStudioVersion = 10.0.40219.1
Project("{2150E333-8FDC-42A3-9474-1A3956D46DE8}") = "TestProject", "TestProject", "{650830F3-BCDE-46FF-B76F-D081CA9A0460}"
EndProject
Project("{8BC9CEB8-8B4A-11D0-8D11-00A0C91BC942}") = "Test", "TestProject\Test\Test.vcxproj", "{42101E49-206C-40E1-88D9-5F52EF7BFD53}"
EndProject
Project("{8BC9CEB8-8B4A-11D0-8D11-00A0C91BC942}") = "Pong", "TestProject\Pong\Pong.vcxproj", "{A52FD8B5-E9AB-4FC0-8AA5-2DA285FB7A4A}"
EndProject
Project("{8BC9CEB8-8B4A-11D0-8D11-00A0C91BC942}") = "HelloWorld", "TestProject\HelloWorld\HelloWorld.vcxproj", "{6DA2AB11-E47C-47C7-9149-332D34EC5559}"
	ProjectSection(ProjectDependencies) = postProject
		{CEAC8C68-C6B6-4756-82D0-C7DCD2C95330} = {CEAC8C68-C6B6-4756-82D0-C7DCD2C95330}
	EndProjectSection
EndProject
Project("{8BC9CEB8-8B4A-11D0-8D11-00A0C91BC942}") = "Physics", "TestProject\Physics\Physics.vcxproj", "{32B73E47-E2F3-4896-802C-A66CAB322797}"
EndProject
Project("{8BC9CEB8-8B4A-11D0-8D11-00A0C91BC942}") = "ICEngine", "ICEngine\ICEngine.vcxproj", "{CEAC8C68-C6B6-4756-82D0-C7DCD2C95330}"
EndProject
Global
	GlobalSection(SolutionConfigurationPlatforms) = preSolution
		Debug|x64 = Debug|x64
		Debug|x86 = Debug|x86
		Release|x64 = Release|x64
		Release|x86 = Release|x86
	EndGlobalSection
	GlobalSection(ProjectConfigurationPlatforms) = postSolution
		{42101E49-206C-40E1-88D9-5F52EF7BFD53}.Debug|x64.ActiveCfg = Debug|x64
		{42101E49-206C-40E1-88D9-5F52EF7BFD53}.Debug|x64.Build.0 = Debug|x64
		{42101E49-206C-40E1-88D9-5F52EF7BFD53}.Debug|x86.ActiveCfg = Debug|Win32
		{42101E49-206C-40E1-88D9-5F52EF7BFD53}.Debug|x86.Build.0 = Debug|Win32
		{42101E49-206C-40E1-88D9-5F52EF7BFD53}.Release|x64.ActiveCfg = Release|x64
		{42101E49-206C-40E1-88D9-5F52EF7BFD53}.Release|x64.Build.0 = Release|x64
		{42101E49-206C-40E1-88D9-5F52EF7BFD53}.Release|x86.ActiveCfg = Release|Win32
		{42101E49-206C-40E1-88D9-5F52EF7BFD53}.Release|x86.Build.0 = Release|Win32
		{A52FD8B5-E9AB-4FC0-8AA5-2DA285FB7A4A}.Debug|x64.ActiveCfg = Debug|x64
		{A52FD8B5-E9AB-4FC0-8AA5-2DA285FB7A4A}.Debug|x64.Build.0 = Debug|x64
		{A52FD8B5-E9AB-4FC0-8AA5-2DA285FB7A4A}.Debug|x86.ActiveCfg = Debug|Win32
		{A52FD8B5-E9AB-4FC0-8AA5-2DA285FB7A4A}.Debug|x86.Build.0 = Debug|Win32
		{A52FD8B5-E9AB-4FC0-8AA5-2DA285FB7A4A}.Release|x64.ActiveCfg = Release|x64
		{A52FD8B5-E9AB-4FC0-8AA5-2DA285FB7A4A}.Release|x64.Build.0 = Release|x64
		{A52FD8B5-E9AB-4FC0-8AA5-2DA285FB7A4A}.Release|x86.ActiveCfg = Release|Win32
		{A52FD8B5-E9AB-4FC0-8AA5-2DA285FB7A4A}.Release|x86.Build.0 = Release|Win32
		{6DA2AB11-E47C-47C7-9149-332D34EC5559}.Debug|x64.ActiveCfg = Debug|x64
		{6DA2AB11-E47C-47C7-9149-332D34EC5559}.Debug|x64.Build.0 = Debug|x64
		{6DA2AB11-E47C-47C7-9149-332D34EC5559}.Debug|x86.ActiveCfg = Debug|Win32
		{6DA2AB11-E47C-47C7-9149-332D34EC5559}.Debug|x86.Build.0 = Debug|Win32
		{6DA2AB11-E47C-47C7-9149-332D34EC5559}.Release|x64.ActiveCfg = Release|x64
		{6DA2AB11-E47C-47C7-9149-332D34EC5559}.Release|x64.Build.0 = Release|x64
		{6DA2AB11-E47C-47C7-9149-332D34EC5559}.Release|x86.ActiveCfg = Release|Win32
		{6DA2AB11-E47C-47C7-9149-332D34EC5559}.Release|x86.Build.0 = Release|Win32
		{32B73E47-E2F3-4896-802C-A66CAB322797}.Debug|x64.ActiveCfg = Debug|x64
		{32B73E47-E2F3-4896-802C-A66CAB322797}.Debug|x64.Build.0 = Debug|x64
		{32B73E47-E2F3-4896-802C-A66CAB322797}.Debug|x86.ActiveCfg = Debug|Win32
		{32B73E47-E2F3-4896-802C-A66CAB322797}.Debug|x86.Build.0 = Debug|Win32
		{32B73E47-E2F3-4896-802C-A66CAB322797}.Release|x64.ActiveCfg = Release|x64
		{32B73E47-E2F3-4896-802C-A66CAB322797}.Release|x64.Build.0 = Release|x64
		{32B73E47-E2F3-4896-802C-A66CAB322797}.Release|x86.ActiveCfg = Release|Win32
		{32B73E47-E2F3-4896-802C-A66CAB322797}.Release|x86.Build.0 = Release|Win32
		{CEAC8C68-C6B6-4756-82D0-C7DCD2C95330}.Debug|x64.ActiveCfg = Debug|x64
		{CEAC8C68-C6B6-4756-82D0-C7DCD2C95330}.Debug|x64.Build.0 = Debug|x64
		{CEAC8C68-C6B6-4756-82D0-C7DCD2C95330}.Debug|x86.ActiveCfg = Debug|Win32
		{CEAC8C68-C6B6-4756-82D0-C7DCD2C95330}.Debug|x86.Build.0 = Debug|Win32
		{CEAC8C68-C6B6-4756-82D0-C7DCD2C95330}.Release|x64.ActiveCfg = Release|x64
		{CEAC8C68-C6B6-4756-82D0-C7DCD2C95330}.Release|x64.Build.0 = Release|x64
		{CEAC8C68-C6B6-4756-82D0-C7DCD2C95330}.Release|x86.ActiveCfg = Release|Win32
		{CEAC8C68-C6B6-4756-82D0-C7DCD2C95330}.Release|x86.Build.0 = Release|Win32
	EndGlobalSection
	GlobalSection(SolutionProperties) = preSolution
		HideSolutionNode = FALSE
	EndGlobalSection
	GlobalSection(NestedProjects) = preSolution
		{42101E49-206C-40E1-88D9-5F52EF7BFD53} = {650830F3-BCDE-46FF-B76F-D081CA9A0460}
		{A52FD8B5-E9AB-4FC0-8AA5-2DA285FB7A4A} = {650830F3-BCDE-46FF-B76F-D081CA9A0460}
		{6DA2AB11-E47C-47C7-9149-332D34EC5559} = {650830F3-BCDE-46FF-B76F-D081CA9A0460}
		{32B73E47-E2F3-4896-802C-A66CAB322797} = {650830F3-BCDE-46FF-B76F-D081CA9A0460}
	EndGlobalSection
	GlobalSection(ExtensibilityGlobals) = postSolution
		SolutionGuid = {C09DC0D6-2242-4966-AA1E-B099D7447133}
	EndGlobalSection
EndGlobal
