<?xml version="1.0" encoding="utf-8"?>
<Project ToolsVersion="4.0" xmlns="http://schemas.microsoft.com/developer/msbuild/2003">
  <ItemGroup>
    <Filter Include="external">
      <UniqueIdentifier>{ea8a1cdc-8591-49a9-8e42-774896eac324}</UniqueIdentifier>
    </Filter>
    <Filter Include="src">
      <UniqueIdentifier>{4FC737F1-C7A5-4376-A066-2A32D752A2FF}</UniqueIdentifier>
      <Extensions>cpp;c;cc;cxx;def;odl;idl;hpj;bat;asm;asmx</Extensions>
    </Filter>
    <Filter Include="hdr">
      <UniqueIdentifier>{98a459bf-b5f8-497d-9142-12024999c7af}</UniqueIdentifier>
    </Filter>
  </ItemGroup>
  <ItemGroup>
    <ClCompile Include="src\external\lodepng.c">
      <Filter>external</Filter>
    </ClCompile>
    <ClCompile Include="src\Texture.c">
      <Filter>src</Filter>
    </ClCompile>
    <ClCompile Include="src\Input.c">
      <Filter>src</Filter>
    </ClCompile>
    <ClCompile Include="src\Render.c">
      <Filter>src</Filter>
    </ClCompile>
    <ClCompile Include="src\Time.c">
      <Filter>src</Filter>
    </ClCompile>
    <ClCompile Include="src\TextureManager.c">
      <Filter>src</Filter>
    </ClCompile>
    <ClCompile Include="src\external\icestd.c">
      <Filter>external</Filter>
    </ClCompile>
    <ClCompile Include="src\TerminalColor.c">
      <Filter>src</Filter>
    </ClCompile>
    <ClCompile Include="src\external\rlutil.c">
      <Filter>external</Filter>
    </ClCompile>
    <ClCompile Include="src\Map.c">
      <Filter>src</Filter>
    </ClCompile>
    <ClCompile Include="src\Camera.c">
      <Filter>src</Filter>
    </ClCompile>
    <ClCompile Include="src\Gui.c">
      <Filter>src</Filter>
    </ClCompile>
    <ClCompile Include="src\Math.c">
      <Filter>src</Filter>
    </ClCompile>
    <ClCompile Include="src\Primitive.c">
      <Filter>src</Filter>
    </ClCompile>
    <ClCompile Include="src\Sound.c">
      <Filter>src</Filter>
    </ClCompile>
    <ClCompile Include="src\Core.c">
      <Filter>src</Filter>
    </ClCompile>
    <ClCompile Include="src\Physics.c">
      <Filter>src</Filter>
    </ClCompile>
    <ClCompile Include="src\Game.c">
      <Filter>src</Filter>
    </ClCompile>
  </ItemGroup>
  <ItemGroup>
    <ClInclude Include="src\external\tinyfiles.h">
      <Filter>external</Filter>
    </ClInclude>
    <ClInclude Include="src\external\lodepng.h">
      <Filter>external</Filter>
    </ClInclude>
    <ClInclude Include="src\external\rlutil.h">
      <Filter>external</Filter>
    </ClInclude>
    <ClInclude Include="src\hdr\Texture.h">
      <Filter>hdr</Filter>
    </ClInclude>
    <ClInclude Include="src\hdr\Input.h">
      <Filter>hdr</Filter>
    </ClInclude>
    <ClInclude Include="src\hdr\Render.h">
      <Filter>hdr</Filter>
    </ClInclude>
    <ClInclude Include="src\hdr\Time.h">
      <Filter>hdr</Filter>
    </ClInclude>
    <ClInclude Include="src\hdr\TextureManager.h">
      <Filter>hdr</Filter>
    </ClInclude>
    <ClInclude Include="src\external\icestd.h">
      <Filter>external</Filter>
    </ClInclude>
    <ClInclude Include="src\hdr\TerminalColor.h">
      <Filter>hdr</Filter>
    </ClInclude>
    <ClInclude Include="src\hdr\Map.h">
      <Filter>hdr</Filter>
    </ClInclude>
    <ClInclude Include="src\hdr\Camera.h">
      <Filter>hdr</Filter>
    </ClInclude>
    <ClInclude Include="src\hdr\Gui.h">
      <Filter>hdr</Filter>
    </ClInclude>
    <ClInclude Include="src\hdr\Math.h">
      <Filter>hdr</Filter>
    </ClInclude>
    <ClInclude Include="src\hdr\Primitive.h">
      <Filter>hdr</Filter>
    </ClInclude>
    <ClInclude Include="src\hdr\Sound.h">
      <Filter>hdr</Filter>
    </ClInclude>
    <ClInclude Include="src\hdr\Core.h">
      <Filter>hdr</Filter>
    </ClInclude>
    <ClInclude Include="src\hdr\Physics.h">
      <Filter>hdr</Filter>
    </ClInclude>
    <ClInclude Include="src\hdr\Game.h">
      <Filter>hdr</Filter>
    </ClInclude>
    <ClInclude Include="src\hdr\Type.h">
      <Filter>hdr</Filter>
    </ClInclude>
  </ItemGroup>
</Project>