<?xml version="1.0" encoding="utf-8"?>
<Project ToolsVersion="4.0" xmlns="http://schemas.microsoft.com/developer/msbuild/2003">
  <ItemGroup>
    <Filter Include="Audio">
      <UniqueIdentifier>{d86cf02c-314e-4279-97f8-c49efe518c7c}</UniqueIdentifier>
    </Filter>
    <Filter Include="Physics">
      <UniqueIdentifier>{6ff1e53b-7521-404b-99ba-023942d695f0}</UniqueIdentifier>
    </Filter>
    <Filter Include="External">
      <UniqueIdentifier>{36c83cd6-08b4-4e5d-83e0-116134c5c3e2}</UniqueIdentifier>
    </Filter>
    <Filter Include="Raw">
      <UniqueIdentifier>{e9fd9301-db3d-4b26-ad6b-9ee56e5334a6}</UniqueIdentifier>
    </Filter>
    <Filter Include="__Core">
      <UniqueIdentifier>{168370c5-3986-4c02-b4e1-491595f06b82}</UniqueIdentifier>
    </Filter>
    <Filter Include="___Framework">
      <UniqueIdentifier>{a8631434-0cd9-4cbd-8b74-e20e92612dc9}</UniqueIdentifier>
    </Filter>
    <Filter Include="_Graphics">
      <UniqueIdentifier>{c4de349e-a88f-446e-a759-630d70ad9b2f}</UniqueIdentifier>
    </Filter>
    <Filter Include="_Maths">
      <UniqueIdentifier>{02dfc310-3a03-4719-91c3-198866493c09}</UniqueIdentifier>
    </Filter>
  </ItemGroup>
  <ItemGroup>
    <ClInclude Include="src\ICE.h" />
    <ClInclude Include="src\Audio\TypesAudio.h">
      <Filter>Audio</Filter>
    </ClInclude>
    <ClInclude Include="src\Core\Asset_private.h">
      <Filter>__Core</Filter>
    </ClInclude>
    <ClInclude Include="src\Core\Core.h">
      <Filter>__Core</Filter>
    </ClInclude>
    <ClInclude Include="src\Core\Core_private.h">
      <Filter>__Core</Filter>
    </ClInclude>
    <ClInclude Include="src\Core\Debug.h">
      <Filter>__Core</Filter>
    </ClInclude>
    <ClInclude Include="src\Core\Game.h">
      <Filter>__Core</Filter>
    </ClInclude>
    <ClInclude Include="src\Core\Game_private.h">
      <Filter>__Core</Filter>
    </ClInclude>
    <ClInclude Include="src\Core\Input.h">
      <Filter>__Core</Filter>
    </ClInclude>
    <ClInclude Include="src\Core\Input_private.h">
      <Filter>__Core</Filter>
    </ClInclude>
    <ClInclude Include="src\Core\Label.h">
      <Filter>__Core</Filter>
    </ClInclude>
    <ClInclude Include="src\Core\State.h">
      <Filter>__Core</Filter>
    </ClInclude>
    <ClInclude Include="src\Core\TypesCore.h">
      <Filter>__Core</Filter>
    </ClInclude>
    <ClInclude Include="src\Core\Window.h">
      <Filter>__Core</Filter>
    </ClInclude>
    <ClInclude Include="src\Framework\Log.h">
      <Filter>___Framework</Filter>
    </ClInclude>
    <ClInclude Include="src\Framework\Memory_.h">
      <Filter>___Framework</Filter>
    </ClInclude>
    <ClInclude Include="src\Framework\Random.h">
      <Filter>___Framework</Filter>
    </ClInclude>
    <ClInclude Include="src\Framework\String_.h">
      <Filter>___Framework</Filter>
    </ClInclude>
    <ClInclude Include="src\Framework\Terminal.h">
      <Filter>___Framework</Filter>
    </ClInclude>
    <ClInclude Include="src\Framework\Terminal_private.h">
      <Filter>___Framework</Filter>
    </ClInclude>
    <ClInclude Include="src\Framework\TypesFramework.h">
      <Filter>___Framework</Filter>
    </ClInclude>
    <ClInclude Include="src\Graphics\Camera.h">
      <Filter>_Graphics</Filter>
    </ClInclude>
    <ClInclude Include="src\Graphics\Color.h">
      <Filter>_Graphics</Filter>
    </ClInclude>
    <ClInclude Include="src\Graphics\Color_private.h">
      <Filter>_Graphics</Filter>
    </ClInclude>
    <ClInclude Include="src\Graphics\Font.h">
      <Filter>_Graphics</Filter>
    </ClInclude>
    <ClInclude Include="src\Graphics\Primitive.h">
      <Filter>_Graphics</Filter>
    </ClInclude>
    <ClInclude Include="src\Graphics\Render.h">
      <Filter>_Graphics</Filter>
    </ClInclude>
    <ClInclude Include="src\Graphics\Render_private.h">
      <Filter>_Graphics</Filter>
    </ClInclude>
    <ClInclude Include="src\Graphics\Texture.h">
      <Filter>_Graphics</Filter>
    </ClInclude>
    <ClInclude Include="src\Graphics\Texture_private.h">
      <Filter>_Graphics</Filter>
    </ClInclude>
    <ClInclude Include="src\Graphics\TypesGraphics.h">
      <Filter>_Graphics</Filter>
    </ClInclude>
    <ClInclude Include="src\Maths\Box.h">
      <Filter>_Maths</Filter>
    </ClInclude>
    <ClInclude Include="src\Maths\Interpolate.h">
      <Filter>_Maths</Filter>
    </ClInclude>
    <ClInclude Include="src\Maths\TypesMaths.h">
      <Filter>_Maths</Filter>
    </ClInclude>
    <ClInclude Include="src\Maths\Vector.h">
      <Filter>_Maths</Filter>
    </ClInclude>
    <ClInclude Include="src\Physics\TypesPhysics.h">
      <Filter>Physics</Filter>
    </ClInclude>
    <ClInclude Include="src\External\rlutil.h">
      <Filter>External</Filter>
    </ClInclude>
    <ClInclude Include="src\External\rnd.h">
      <Filter>External</Filter>
    </ClInclude>
    <ClInclude Include="src\External\SDL2_framerate.h">
      <Filter>External</Filter>
    </ClInclude>
    <ClInclude Include="src\External\SDL2_gfxPrimitives.h">
      <Filter>External</Filter>
    </ClInclude>
    <ClInclude Include="src\External\SDL2_gfxPrimitives_font.h">
      <Filter>External</Filter>
    </ClInclude>
    <ClInclude Include="src\External\SDL2_imageFilter.h">
      <Filter>External</Filter>
    </ClInclude>
    <ClInclude Include="src\External\SDL2_rotozoom.h">
      <Filter>External</Filter>
    </ClInclude>
    <ClInclude Include="src\External\stb_image.h">
      <Filter>External</Filter>
    </ClInclude>
    <ClInclude Include="src\Framework\Assert.h">
      <Filter>___Framework</Filter>
    </ClInclude>
    <ClInclude Include="src\Core\Time_private.h">
      <Filter>__Core</Filter>
    </ClInclude>
    <ClInclude Include="src\Core\Time_.h">
      <Filter>__Core</Filter>
    </ClInclude>
    <ClInclude Include="src\Framework\Std_.h">
      <Filter>___Framework</Filter>
    </ClInclude>
    <ClInclude Include="src\Core\Converter_private.h">
      <Filter>__Core</Filter>
    </ClInclude>
    <ClInclude Include="src\Core\Label_private.h">
      <Filter>__Core</Filter>
    </ClInclude>
    <ClInclude Include="src\Graphics\Draw.h">
      <Filter>_Graphics</Filter>
    </ClInclude>
    <ClInclude Include="src\Graphics\Gui.h">
      <Filter>_Graphics</Filter>
    </ClInclude>
    <ClInclude Include="src\Graphics\Gui_private.h">
      <Filter>_Graphics</Filter>
    </ClInclude>
    <ClInclude Include="src\Audio\Music.h">
      <Filter>Audio</Filter>
    </ClInclude>
    <ClInclude Include="src\Audio\Sound.h">
      <Filter>Audio</Filter>
    </ClInclude>
    <ClInclude Include="src\Audio\Audio.h">
      <Filter>Audio</Filter>
    </ClInclude>
    <ClInclude Include="src\Core\Entity.h">
      <Filter>__Core</Filter>
    </ClInclude>
    <ClInclude Include="src\Core\Data.h">
      <Filter>__Core</Filter>
    </ClInclude>
    <ClInclude Include="src\Maths\Maths.h">
      <Filter>_Maths</Filter>
    </ClInclude>
    <ClInclude Include="src\Graphics\Sprite.h">
      <Filter>_Graphics</Filter>
    </ClInclude>
  </ItemGroup>
  <ItemGroup>
    <ClCompile Include="src\Core\Asset_private.c">
      <Filter>__Core</Filter>
    </ClCompile>
    <ClCompile Include="src\Core\Core.c">
      <Filter>__Core</Filter>
    </ClCompile>
    <ClCompile Include="src\Core\Core_private.c">
      <Filter>__Core</Filter>
    </ClCompile>
    <ClCompile Include="src\Core\Debug.c">
      <Filter>__Core</Filter>
    </ClCompile>
    <ClCompile Include="src\Core\Game.c">
      <Filter>__Core</Filter>
    </ClCompile>
    <ClCompile Include="src\Core\Game_private.c">
      <Filter>__Core</Filter>
    </ClCompile>
    <ClCompile Include="src\Core\Input.c">
      <Filter>__Core</Filter>
    </ClCompile>
    <ClCompile Include="src\Core\Input_private.c">
      <Filter>__Core</Filter>
    </ClCompile>
    <ClCompile Include="src\Core\Label.c">
      <Filter>__Core</Filter>
    </ClCompile>
    <ClCompile Include="src\Core\State.c">
      <Filter>__Core</Filter>
    </ClCompile>
    <ClCompile Include="src\Core\Window.c">
      <Filter>__Core</Filter>
    </ClCompile>
    <ClCompile Include="src\Framework\Log.c">
      <Filter>___Framework</Filter>
    </ClCompile>
    <ClCompile Include="src\Framework\Memory_.c">
      <Filter>___Framework</Filter>
    </ClCompile>
    <ClCompile Include="src\Framework\Random.c">
      <Filter>___Framework</Filter>
    </ClCompile>
    <ClCompile Include="src\Framework\String_.c">
      <Filter>___Framework</Filter>
    </ClCompile>
    <ClCompile Include="src\Framework\Terminal.c">
      <Filter>___Framework</Filter>
    </ClCompile>
    <ClCompile Include="src\Framework\Terminal_private.c">
      <Filter>___Framework</Filter>
    </ClCompile>
    <ClCompile Include="src\Graphics\Camera.c">
      <Filter>_Graphics</Filter>
    </ClCompile>
    <ClCompile Include="src\Graphics\Font.c">
      <Filter>_Graphics</Filter>
    </ClCompile>
    <ClCompile Include="src\Graphics\Primitive.c">
      <Filter>_Graphics</Filter>
    </ClCompile>
    <ClCompile Include="src\Graphics\Render.c">
      <Filter>_Graphics</Filter>
    </ClCompile>
    <ClCompile Include="src\Graphics\Render_private.c">
      <Filter>_Graphics</Filter>
    </ClCompile>
    <ClCompile Include="src\Graphics\Texture.c">
      <Filter>_Graphics</Filter>
    </ClCompile>
    <ClCompile Include="src\Graphics\Texture_private.c">
      <Filter>_Graphics</Filter>
    </ClCompile>
    <ClCompile Include="src\Maths\Interpolate.c">
      <Filter>_Maths</Filter>
    </ClCompile>
    <ClCompile Include="src\External\rlutil.c">
      <Filter>External</Filter>
    </ClCompile>
    <ClCompile Include="src\External\SDL2_framerate.c">
      <Filter>External</Filter>
    </ClCompile>
    <ClCompile Include="src\External\SDL2_gfxPrimitives.c">
      <Filter>External</Filter>
    </ClCompile>
    <ClCompile Include="src\External\SDL2_imageFilter.c">
      <Filter>External</Filter>
    </ClCompile>
    <ClCompile Include="src\External\SDL2_rotozoom.c">
      <Filter>External</Filter>
    </ClCompile>
    <ClCompile Include="src\Raw\Error.c">
      <Filter>Raw</Filter>
    </ClCompile>
    <ClCompile Include="src\Raw\Icon.c">
      <Filter>Raw</Filter>
    </ClCompile>
    <ClCompile Include="src\Framework\Assert.c">
      <Filter>___Framework</Filter>
    </ClCompile>
    <ClCompile Include="src\Core\Time_.c">
      <Filter>__Core</Filter>
    </ClCompile>
    <ClCompile Include="src\Core\Time_private.c">
      <Filter>__Core</Filter>
    </ClCompile>
    <ClCompile Include="src\Framework\Std_.c">
      <Filter>___Framework</Filter>
    </ClCompile>
    <ClCompile Include="src\Core\Label_private.c">
      <Filter>__Core</Filter>
    </ClCompile>
    <ClCompile Include="src\Graphics\Draw.c">
      <Filter>_Graphics</Filter>
    </ClCompile>
    <ClCompile Include="src\Graphics\Gui.c">
      <Filter>_Graphics</Filter>
    </ClCompile>
    <ClCompile Include="src\Graphics\Gui_private.c">
      <Filter>_Graphics</Filter>
    </ClCompile>
    <ClCompile Include="src\Audio\Music.c">
      <Filter>Audio</Filter>
    </ClCompile>
    <ClCompile Include="src\Audio\Sound.c">
      <Filter>Audio</Filter>
    </ClCompile>
    <ClCompile Include="src\Audio\Audio.c">
      <Filter>Audio</Filter>
    </ClCompile>
    <ClCompile Include="src\Core\Entity.c">
      <Filter>__Core</Filter>
    </ClCompile>
    <ClCompile Include="src\Core\Data.c">
      <Filter>__Core</Filter>
    </ClCompile>
    <ClCompile Include="src\Graphics\Sprite.c">
      <Filter>_Graphics</Filter>
    </ClCompile>
  </ItemGroup>
  <ItemGroup>
    <None Include="..\NOTES.md" />
    <None Include="..\README.md" />
  </ItemGroup>
</Project>