<?xml version="1.0" encoding="utf-8"?>
<Project ToolsVersion="4.0" xmlns="http://schemas.microsoft.com/developer/msbuild/2003">
  <ItemGroup>
    <Filter Include="Engine">
      <UniqueIdentifier>{3ef4602a-01e7-4b53-85df-5196b98e90df}</UniqueIdentifier>
    </Filter>
    <Filter Include="Framework">
      <UniqueIdentifier>{7ab03b40-da09-4e1e-9cdb-ef89257d50bf}</UniqueIdentifier>
    </Filter>
    <Filter Include="External">
      <UniqueIdentifier>{d311732a-29dc-49af-b9bb-b9e99d55f26a}</UniqueIdentifier>
    </Filter>
    <Filter Include="External\rlutil">
      <UniqueIdentifier>{f3e81e59-27d5-4290-ba8a-e27e56f9e5c1}</UniqueIdentifier>
    </Filter>
    <Filter Include="External\physfs">
      <UniqueIdentifier>{de689eeb-243c-4658-8c5b-306dc218873d}</UniqueIdentifier>
    </Filter>
    <Filter Include="External\stb">
      <UniqueIdentifier>{0f3b9440-9e01-4782-805a-f98124e9ee1e}</UniqueIdentifier>
    </Filter>
    <Filter Include="Resources">
      <UniqueIdentifier>{e3868e68-971c-4e32-b03b-c8018ae1aabb}</UniqueIdentifier>
    </Filter>
    <Filter Include="Resources\bin">
      <UniqueIdentifier>{06af62b4-6be0-421c-9dc3-f2127ada1be8}</UniqueIdentifier>
    </Filter>
    <Filter Include="Resources\raw">
      <UniqueIdentifier>{ae8ce301-23df-470a-85a6-701962145174}</UniqueIdentifier>
    </Filter>
    <Filter Include="External\SDL_gfx">
      <UniqueIdentifier>{7b333ddf-6af8-48ef-a4de-f72896fd4ecf}</UniqueIdentifier>
    </Filter>
    <Filter Include="External\libs">
      <UniqueIdentifier>{fc6028c0-e032-4464-b8e2-25e57018ce4e}</UniqueIdentifier>
    </Filter>
  </ItemGroup>
  <ItemGroup>
    <ClCompile Include="src\Framework\Assert_.c">
      <Filter>Framework</Filter>
    </ClCompile>
    <ClCompile Include="src\Framework\Crossplatform_.c">
      <Filter>Framework</Filter>
    </ClCompile>
    <ClCompile Include="src\Framework\File_.c">
      <Filter>Framework</Filter>
    </ClCompile>
    <ClCompile Include="src\Framework\Log.c">
      <Filter>Framework</Filter>
    </ClCompile>
    <ClCompile Include="src\Framework\Memory_.c">
      <Filter>Framework</Filter>
    </ClCompile>
    <ClCompile Include="src\Framework\Random.c">
      <Filter>Framework</Filter>
    </ClCompile>
    <ClCompile Include="src\Framework\String_.c">
      <Filter>Framework</Filter>
    </ClCompile>
    <ClCompile Include="src\Framework\Terminal.c">
      <Filter>Framework</Filter>
    </ClCompile>
    <ClCompile Include="src\Framework\Terminal_private.c">
      <Filter>Framework</Filter>
    </ClCompile>
    <ClCompile Include="src\Framework\UnitTest.c">
      <Filter>Framework</Filter>
    </ClCompile>
    <ClCompile Include="src\External\rlutil\rlutil.c">
      <Filter>External\rlutil</Filter>
    </ClCompile>
    <ClCompile Include="src\External\physfs\physfs.c">
      <Filter>External\physfs</Filter>
    </ClCompile>
    <ClCompile Include="src\External\physfs\physfs_archiver_7z.c">
      <Filter>External\physfs</Filter>
    </ClCompile>
    <ClCompile Include="src\External\physfs\physfs_archiver_dir.c">
      <Filter>External\physfs</Filter>
    </ClCompile>
    <ClCompile Include="src\External\physfs\physfs_archiver_grp.c">
      <Filter>External\physfs</Filter>
    </ClCompile>
    <ClCompile Include="src\External\physfs\physfs_archiver_hog.c">
      <Filter>External\physfs</Filter>
    </ClCompile>
    <ClCompile Include="src\External\physfs\physfs_archiver_iso9660.c">
      <Filter>External\physfs</Filter>
    </ClCompile>
    <ClCompile Include="src\External\physfs\physfs_archiver_mvl.c">
      <Filter>External\physfs</Filter>
    </ClCompile>
    <ClCompile Include="src\External\physfs\physfs_archiver_qpak.c">
      <Filter>External\physfs</Filter>
    </ClCompile>
    <ClCompile Include="src\External\physfs\physfs_archiver_slb.c">
      <Filter>External\physfs</Filter>
    </ClCompile>
    <ClCompile Include="src\External\physfs\physfs_archiver_unpacked.c">
      <Filter>External\physfs</Filter>
    </ClCompile>
    <ClCompile Include="src\External\physfs\physfs_archiver_vdf.c">
      <Filter>External\physfs</Filter>
    </ClCompile>
    <ClCompile Include="src\External\physfs\physfs_archiver_wad.c">
      <Filter>External\physfs</Filter>
    </ClCompile>
    <ClCompile Include="src\External\physfs\physfs_archiver_zip.c">
      <Filter>External\physfs</Filter>
    </ClCompile>
    <ClCompile Include="src\External\physfs\physfs_byteorder.c">
      <Filter>External\physfs</Filter>
    </ClCompile>
    <ClCompile Include="src\External\physfs\physfs_platform_haiku.cpp">
      <Filter>External\physfs</Filter>
    </ClCompile>
    <ClCompile Include="src\External\physfs\physfs_platform_os2.c">
      <Filter>External\physfs</Filter>
    </ClCompile>
    <ClCompile Include="src\External\physfs\physfs_platform_posix.c">
      <Filter>External\physfs</Filter>
    </ClCompile>
    <ClCompile Include="src\External\physfs\physfs_platform_qnx.c">
      <Filter>External\physfs</Filter>
    </ClCompile>
    <ClCompile Include="src\External\physfs\physfs_platform_unix.c">
      <Filter>External\physfs</Filter>
    </ClCompile>
    <ClCompile Include="src\External\physfs\physfs_platform_windows.c">
      <Filter>External\physfs</Filter>
    </ClCompile>
    <ClCompile Include="src\External\physfs\physfs_platform_winrt.cpp">
      <Filter>External\physfs</Filter>
    </ClCompile>
    <ClCompile Include="src\External\physfs\physfs_unicode.c">
      <Filter>External\physfs</Filter>
    </ClCompile>
    <ClCompile Include="src\External\physfs\physfsrwops.c">
      <Filter>External\physfs</Filter>
    </ClCompile>
    <ClCompile Include="src\Framework\MacOS_.c">
      <Filter>Framework</Filter>
    </ClCompile>
    <ClCompile Include="..\..\..\..\..\Desktop\ICE-master\projects\Engine\src\External\SDL2_gfx\SDL2_framerate.c">
      <Filter>External\SDL_gfx</Filter>
    </ClCompile>
    <ClCompile Include="..\..\..\..\..\Desktop\ICE-master\projects\Engine\src\External\SDL2_gfx\SDL2_gfxPrimitives.c">
      <Filter>External\SDL_gfx</Filter>
    </ClCompile>
    <ClCompile Include="..\..\..\..\..\Desktop\ICE-master\projects\Engine\src\External\SDL2_gfx\SDL2_imageFilter.c">
      <Filter>External\SDL_gfx</Filter>
    </ClCompile>
    <ClCompile Include="..\..\..\..\..\Desktop\ICE-master\projects\Engine\src\External\SDL2_gfx\SDL2_rotozoom.c">
      <Filter>External\SDL_gfx</Filter>
    </ClCompile>
    <ClCompile Include="src\Engine\Audio.c">
      <Filter>Engine</Filter>
    </ClCompile>
    <ClCompile Include="src\Engine\Camera.c">
      <Filter>Engine</Filter>
    </ClCompile>
    <ClCompile Include="src\Engine\Collision_Basic.c">
      <Filter>Engine</Filter>
    </ClCompile>
    <ClCompile Include="src\Engine\Config.c">
      <Filter>Engine</Filter>
    </ClCompile>
    <ClCompile Include="src\Engine\Control2D.c">
      <Filter>Engine</Filter>
    </ClCompile>
    <ClCompile Include="src\Engine\Core.c">
      <Filter>Engine</Filter>
    </ClCompile>
    <ClCompile Include="src\Engine\Data.c">
      <Filter>Engine</Filter>
    </ClCompile>
    <ClCompile Include="src\Engine\Entity.c">
      <Filter>Engine</Filter>
    </ClCompile>
    <ClCompile Include="src\Engine\EntityManager.c">
      <Filter>Engine</Filter>
    </ClCompile>
    <ClCompile Include="src\Engine\Graphics2D.c">
      <Filter>Engine</Filter>
    </ClCompile>
    <ClCompile Include="src\Engine\Input.c">
      <Filter>Engine</Filter>
    </ClCompile>
    <ClCompile Include="src\Engine\Interpolate.c">
      <Filter>Engine</Filter>
    </ClCompile>
    <ClCompile Include="src\Engine\Label.c">
      <Filter>Engine</Filter>
    </ClCompile>
    <ClCompile Include="src\Engine\Music.c">
      <Filter>Engine</Filter>
    </ClCompile>
    <ClCompile Include="src\Engine\MusicManager.c">
      <Filter>Engine</Filter>
    </ClCompile>
    <ClCompile Include="src\Engine\Pack.c">
      <Filter>Engine</Filter>
    </ClCompile>
    <ClCompile Include="src\Engine\Physics2D.c">
      <Filter>Engine</Filter>
    </ClCompile>
    <ClCompile Include="src\Engine\Renderer.c">
      <Filter>Engine</Filter>
    </ClCompile>
    <ClCompile Include="src\Engine\Resources.c">
      <Filter>Engine</Filter>
    </ClCompile>
    <ClCompile Include="src\Engine\Scene.c">
      <Filter>Engine</Filter>
    </ClCompile>
    <ClCompile Include="src\Engine\Sound.c">
      <Filter>Engine</Filter>
    </ClCompile>
    <ClCompile Include="src\Engine\SoundManager.c">
      <Filter>Engine</Filter>
    </ClCompile>
    <ClCompile Include="src\Engine\Texture.c">
      <Filter>Engine</Filter>
    </ClCompile>
    <ClCompile Include="src\Engine\TextureManager.c">
      <Filter>Engine</Filter>
    </ClCompile>
    <ClCompile Include="src\Engine\Time_.c">
      <Filter>Engine</Filter>
    </ClCompile>
    <ClCompile Include="src\Engine\Timer.c">
      <Filter>Engine</Filter>
    </ClCompile>
    <ClCompile Include="src\Engine\Version.c">
      <Filter>Engine</Filter>
    </ClCompile>
    <ClCompile Include="src\Engine\Window.c">
      <Filter>Engine</Filter>
    </ClCompile>
    <ClCompile Include="src\Engine\Debug.c">
      <Filter>Engine</Filter>
    </ClCompile>
    <ClCompile Include="src\Engine\Game.c">
      <Filter>Engine</Filter>
    </ClCompile>
    <ClCompile Include="src\Engine\Screenshot.c">
      <Filter>Engine</Filter>
    </ClCompile>
    <ClCompile Include="src\Engine\Font.c">
      <Filter>Engine</Filter>
    </ClCompile>
    <ClCompile Include="src\Engine\FontManager.c">
      <Filter>Engine</Filter>
    </ClCompile>
    <ClCompile Include="src\Engine\Draw.c">
      <Filter>Engine</Filter>
    </ClCompile>
    <ClCompile Include="src\Engine\Asset.c">
      <Filter>Engine</Filter>
    </ClCompile>
    <ClCompile Include="src\Engine\Primitive.c">
      <Filter>Engine</Filter>
    </ClCompile>
    <ClCompile Include="src\Resources\raw\Error.c">
      <Filter>Resources\raw</Filter>
    </ClCompile>
    <ClCompile Include="src\Resources\raw\Icon.c">
      <Filter>Resources\raw</Filter>
    </ClCompile>
    <ClCompile Include="src\Resources\bin\err512_png.c">
      <Filter>Resources\bin</Filter>
    </ClCompile>
    <ClCompile Include="src\Resources\bin\err1024_png.c">
      <Filter>Resources\bin</Filter>
    </ClCompile>
    <ClCompile Include="src\Resources\bin\font_ttf.c">
      <Filter>Resources\bin</Filter>
    </ClCompile>
    <ClCompile Include="src\Resources\bin\gui27_png.c">
      <Filter>Resources\bin</Filter>
    </ClCompile>
    <ClCompile Include="src\Resources\bin\logo_png.c">
      <Filter>Resources\bin</Filter>
    </ClCompile>
    <ClCompile Include="src\Engine\IO.c">
      <Filter>Engine</Filter>
    </ClCompile>
    <ClCompile Include="src\Engine\Tag.c">
      <Filter>Engine</Filter>
    </ClCompile>
    <ClCompile Include="src\Engine\TagManager.c">
      <Filter>Engine</Filter>
    </ClCompile>
    <ClCompile Include="src\Engine\TagList.c">
      <Filter>Engine</Filter>
    </ClCompile>
  </ItemGroup>
  <ItemGroup>
    <ClInclude Include="src\Framework\Assert_.h">
      <Filter>Framework</Filter>
    </ClInclude>
    <ClInclude Include="src\Framework\Crossplatform_.h">
      <Filter>Framework</Filter>
    </ClInclude>
    <ClInclude Include="src\Framework\File_.h">
      <Filter>Framework</Filter>
    </ClInclude>
    <ClInclude Include="src\Framework\Inline.h">
      <Filter>Framework</Filter>
    </ClInclude>
    <ClInclude Include="src\Framework\Log.h">
      <Filter>Framework</Filter>
    </ClInclude>
    <ClInclude Include="src\Framework\Macrotools.h">
      <Filter>Framework</Filter>
    </ClInclude>
    <ClInclude Include="src\Framework\Memory_.h">
      <Filter>Framework</Filter>
    </ClInclude>
    <ClInclude Include="src\Framework\Random.h">
      <Filter>Framework</Filter>
    </ClInclude>
    <ClInclude Include="src\Framework\String_.h">
      <Filter>Framework</Filter>
    </ClInclude>
    <ClInclude Include="src\Framework\Terminal.h">
      <Filter>Framework</Filter>
    </ClInclude>
    <ClInclude Include="src\Framework\Terminal_private.h">
      <Filter>Framework</Filter>
    </ClInclude>
    <ClInclude Include="src\Framework\UnitTest.h">
      <Filter>Framework</Filter>
    </ClInclude>
    <ClInclude Include="src\External\rlutil\rlutil.h">
      <Filter>External\rlutil</Filter>
    </ClInclude>
    <ClInclude Include="src\External\physfs\physfs.h">
      <Filter>External\physfs</Filter>
    </ClInclude>
    <ClInclude Include="src\External\physfs\physfs_casefolding.h">
      <Filter>External\physfs</Filter>
    </ClInclude>
    <ClInclude Include="src\External\physfs\physfs_internal.h">
      <Filter>External\physfs</Filter>
    </ClInclude>
    <ClInclude Include="src\External\physfs\physfs_lzmasdk.h">
      <Filter>External\physfs</Filter>
    </ClInclude>
    <ClInclude Include="src\External\physfs\physfs_miniz.h">
      <Filter>External\physfs</Filter>
    </ClInclude>
    <ClInclude Include="src\External\physfs\physfs_platforms.h">
      <Filter>External\physfs</Filter>
    </ClInclude>
    <ClInclude Include="src\External\physfs\physfsrwops.h">
      <Filter>External\physfs</Filter>
    </ClInclude>
    <ClInclude Include="src\External\stb\SDL_stbimage.h">
      <Filter>External\stb</Filter>
    </ClInclude>
    <ClInclude Include="src\External\stb\stb_image.h">
      <Filter>External\stb</Filter>
    </ClInclude>
    <ClInclude Include="src\External\stb\stb_image_write.h">
      <Filter>External\stb</Filter>
    </ClInclude>
    <ClInclude Include="src\Framework\MacOS_.h">
      <Filter>Framework</Filter>
    </ClInclude>
    <ClInclude Include="src\Framework\BasicTypes.h">
      <Filter>Framework</Filter>
    </ClInclude>
    <ClInclude Include="..\..\..\..\..\Desktop\ICE-master\projects\Engine\src\External\SDL2_gfx\SDL2_framerate.h">
      <Filter>External\SDL_gfx</Filter>
    </ClInclude>
    <ClInclude Include="..\..\..\..\..\Desktop\ICE-master\projects\Engine\src\External\SDL2_gfx\SDL2_gfxPrimitives.h">
      <Filter>External\SDL_gfx</Filter>
    </ClInclude>
    <ClInclude Include="..\..\..\..\..\Desktop\ICE-master\projects\Engine\src\External\SDL2_gfx\SDL2_gfxPrimitives_font.h">
      <Filter>External\SDL_gfx</Filter>
    </ClInclude>
    <ClInclude Include="..\..\..\..\..\Desktop\ICE-master\projects\Engine\src\External\SDL2_gfx\SDL2_imageFilter.h">
      <Filter>External\SDL_gfx</Filter>
    </ClInclude>
    <ClInclude Include="..\..\..\..\..\Desktop\ICE-master\projects\Engine\src\External\SDL2_gfx\SDL2_rotozoom.h">
      <Filter>External\SDL_gfx</Filter>
    </ClInclude>
    <ClInclude Include="src\Engine\Audio.h">
      <Filter>Engine</Filter>
    </ClInclude>
    <ClInclude Include="src\Engine\Audio_private.h">
      <Filter>Engine</Filter>
    </ClInclude>
    <ClInclude Include="src\Engine\Box.h">
      <Filter>Engine</Filter>
    </ClInclude>
    <ClInclude Include="src\Engine\Camera.h">
      <Filter>Engine</Filter>
    </ClInclude>
    <ClInclude Include="src\Engine\Camera_private.h">
      <Filter>Engine</Filter>
    </ClInclude>
    <ClInclude Include="src\Engine\Collision_Basic.h">
      <Filter>Engine</Filter>
    </ClInclude>
    <ClInclude Include="src\Engine\Color.h">
      <Filter>Engine</Filter>
    </ClInclude>
    <ClInclude Include="src\Engine\Config.h">
      <Filter>Engine</Filter>
    </ClInclude>
    <ClInclude Include="src\Engine\Control2D.h">
      <Filter>Engine</Filter>
    </ClInclude>
    <ClInclude Include="src\Engine\Control2D_private.h">
      <Filter>Engine</Filter>
    </ClInclude>
    <ClInclude Include="src\Engine\Core.h">
      <Filter>Engine</Filter>
    </ClInclude>
    <ClInclude Include="src\Engine\Core_private.h">
      <Filter>Engine</Filter>
    </ClInclude>
    <ClInclude Include="src\Engine\Data.h">
      <Filter>Engine</Filter>
    </ClInclude>
    <ClInclude Include="src\Engine\Entity.h">
      <Filter>Engine</Filter>
    </ClInclude>
    <ClInclude Include="src\Engine\Entity_private.h">
      <Filter>Engine</Filter>
    </ClInclude>
    <ClInclude Include="src\Engine\EntityManager.h">
      <Filter>Engine</Filter>
    </ClInclude>
    <ClInclude Include="src\Engine\EntityManager_private.h">
      <Filter>Engine</Filter>
    </ClInclude>
    <ClInclude Include="src\Engine\Graphics2D.h">
      <Filter>Engine</Filter>
    </ClInclude>
    <ClInclude Include="src\Engine\Graphics2D_private.h">
      <Filter>Engine</Filter>
    </ClInclude>
    <ClInclude Include="src\Engine\Input.h">
      <Filter>Engine</Filter>
    </ClInclude>
    <ClInclude Include="src\Engine\Input_private.h">
      <Filter>Engine</Filter>
    </ClInclude>
    <ClInclude Include="src\Engine\Interpolate.h">
      <Filter>Engine</Filter>
    </ClInclude>
    <ClInclude Include="src\Engine\Label.h">
      <Filter>Engine</Filter>
    </ClInclude>
    <ClInclude Include="src\Engine\Label_private.h">
      <Filter>Engine</Filter>
    </ClInclude>
    <ClInclude Include="src\Engine\Maths.h">
      <Filter>Engine</Filter>
    </ClInclude>
    <ClInclude Include="src\Engine\Music.h">
      <Filter>Engine</Filter>
    </ClInclude>
    <ClInclude Include="src\Engine\Music_private.h">
      <Filter>Engine</Filter>
    </ClInclude>
    <ClInclude Include="src\Engine\MusicManager.h">
      <Filter>Engine</Filter>
    </ClInclude>
    <ClInclude Include="src\Engine\MusicManager_private.h">
      <Filter>Engine</Filter>
    </ClInclude>
    <ClInclude Include="src\Engine\Pack.h">
      <Filter>Engine</Filter>
    </ClInclude>
    <ClInclude Include="src\Engine\Pack_private.h">
      <Filter>Engine</Filter>
    </ClInclude>
    <ClInclude Include="src\Engine\Physics2D.h">
      <Filter>Engine</Filter>
    </ClInclude>
    <ClInclude Include="src\Engine\Physics2D_private.h">
      <Filter>Engine</Filter>
    </ClInclude>
    <ClInclude Include="src\Engine\Renderer.h">
      <Filter>Engine</Filter>
    </ClInclude>
    <ClInclude Include="src\Engine\Renderer_private.h">
      <Filter>Engine</Filter>
    </ClInclude>
    <ClInclude Include="src\Engine\Resources_private.h">
      <Filter>Engine</Filter>
    </ClInclude>
    <ClInclude Include="src\Engine\Scene.h">
      <Filter>Engine</Filter>
    </ClInclude>
    <ClInclude Include="src\Engine\Scene_private.h">
      <Filter>Engine</Filter>
    </ClInclude>
    <ClInclude Include="src\Engine\SDL2_Converter_private.h">
      <Filter>Engine</Filter>
    </ClInclude>
    <ClInclude Include="src\Engine\Sound.h">
      <Filter>Engine</Filter>
    </ClInclude>
    <ClInclude Include="src\Engine\Sound_private.h">
      <Filter>Engine</Filter>
    </ClInclude>
    <ClInclude Include="src\Engine\SoundManager.h">
      <Filter>Engine</Filter>
    </ClInclude>
    <ClInclude Include="src\Engine\SoundManager_private.h">
      <Filter>Engine</Filter>
    </ClInclude>
    <ClInclude Include="src\Engine\Texture.h">
      <Filter>Engine</Filter>
    </ClInclude>
    <ClInclude Include="src\Engine\Texture_private.h">
      <Filter>Engine</Filter>
    </ClInclude>
    <ClInclude Include="src\Engine\TextureManager.h">
      <Filter>Engine</Filter>
    </ClInclude>
    <ClInclude Include="src\Engine\TextureManager_private.h">
      <Filter>Engine</Filter>
    </ClInclude>
    <ClInclude Include="src\Engine\Time_.h">
      <Filter>Engine</Filter>
    </ClInclude>
    <ClInclude Include="src\Engine\Time_private.h">
      <Filter>Engine</Filter>
    </ClInclude>
    <ClInclude Include="src\Engine\Timer.h">
      <Filter>Engine</Filter>
    </ClInclude>
    <ClInclude Include="src\Engine\Types.h">
      <Filter>Engine</Filter>
    </ClInclude>
    <ClInclude Include="src\Engine\Version.h">
      <Filter>Engine</Filter>
    </ClInclude>
    <ClInclude Include="src\Engine\Window.h">
      <Filter>Engine</Filter>
    </ClInclude>
    <ClInclude Include="src\Engine\Window_private.h">
      <Filter>Engine</Filter>
    </ClInclude>
    <ClInclude Include="src\Engine\Debug.h">
      <Filter>Engine</Filter>
    </ClInclude>
    <ClInclude Include="src\Engine\Game.h">
      <Filter>Engine</Filter>
    </ClInclude>
    <ClInclude Include="src\Engine\Game_private.h">
      <Filter>Engine</Filter>
    </ClInclude>
    <ClInclude Include="src\Engine\Screenshot.h">
      <Filter>Engine</Filter>
    </ClInclude>
    <ClInclude Include="src\Engine\Font.h">
      <Filter>Engine</Filter>
    </ClInclude>
    <ClInclude Include="src\Engine\Font_private.h">
      <Filter>Engine</Filter>
    </ClInclude>
    <ClInclude Include="src\Engine\FontManager.h">
      <Filter>Engine</Filter>
    </ClInclude>
    <ClInclude Include="src\Engine\FontManager_private.h">
      <Filter>Engine</Filter>
    </ClInclude>
    <ClInclude Include="src\Engine\Draw.h">
      <Filter>Engine</Filter>
    </ClInclude>
    <ClInclude Include="src\Engine\Draw_private.h">
      <Filter>Engine</Filter>
    </ClInclude>
    <ClInclude Include="src\Engine\Asset_private.h">
      <Filter>Engine</Filter>
    </ClInclude>
    <ClInclude Include="src\Engine\Asset.h">
      <Filter>Engine</Filter>
    </ClInclude>
    <ClInclude Include="src\Engine\Primitive.h">
      <Filter>Engine</Filter>
    </ClInclude>
    <ClInclude Include="src\Engine\IO.h">
      <Filter>Engine</Filter>
    </ClInclude>
    <ClInclude Include="src\Engine\IO_private.h">
      <Filter>Engine</Filter>
    </ClInclude>
    <ClInclude Include="src\Engine\ConfigDefault.h">
      <Filter>Engine</Filter>
    </ClInclude>
    <ClInclude Include="src\ICE.h" />
    <ClInclude Include="src\Engine\SDL2_Includer_private.h">
      <Filter>Engine</Filter>
    </ClInclude>
    <ClInclude Include="src\Engine\Tag.h">
      <Filter>Engine</Filter>
    </ClInclude>
    <ClInclude Include="src\Engine\Tag_private.h">
      <Filter>Engine</Filter>
    </ClInclude>
    <ClInclude Include="src\External\libs\strpool.h">
      <Filter>External\libs</Filter>
    </ClInclude>
    <ClInclude Include="src\Engine\TagManager.h">
      <Filter>Engine</Filter>
    </ClInclude>
    <ClInclude Include="src\Engine\TagManager_private.h">
      <Filter>Engine</Filter>
    </ClInclude>
    <ClInclude Include="src\Engine\TagList_private.h">
      <Filter>Engine</Filter>
    </ClInclude>
    <ClInclude Include="src\Engine\TagList.h">
      <Filter>Engine</Filter>
    </ClInclude>
    <ClInclude Include="src\Engine\Vect2D.h">
      <Filter>Engine</Filter>
    </ClInclude>
  </ItemGroup>
  <ItemGroup>
    <None Include="src\External\physfs\physfs_platform_apple.m">
      <Filter>External\physfs</Filter>
    </None>
    <None Include="..\..\NOTES.md" />
    <None Include="..\..\README.md" />
    <None Include="TEMPLATE.md" />
  </ItemGroup>
</Project>