<?xml version="1.0" encoding="utf-8"?>
<Project ToolsVersion="4.0" xmlns="http://schemas.microsoft.com/developer/msbuild/2003">
  <ItemGroup>
    <Filter Include="hdr">
      <UniqueIdentifier>{f62dde94-ce99-404b-9a55-cd635dd40464}</UniqueIdentifier>
    </Filter>
    <Filter Include="src">
      <UniqueIdentifier>{46385a7f-1b79-4e58-b91a-0b144b486abf}</UniqueIdentifier>
    </Filter>
  </ItemGroup>
  <ItemGroup>
    <ClInclude Include="src\hdr\Vector.h">
      <Filter>hdr</Filter>
    </ClInclude>
    <ClInclude Include="src\hdr\TypesMaths.h">
      <Filter>hdr</Filter>
    </ClInclude>
    <ClInclude Include="src\hdr\StructMaths.h">
      <Filter>hdr</Filter>
    </ClInclude>
    <ClInclude Include="src\hdr\Maths.h">
      <Filter>hdr</Filter>
    </ClInclude>
    <ClInclude Include="src\hdr\Random.h">
      <Filter>hdr</Filter>
    </ClInclude>
    <ClInclude Include="src\hdr\Box.h">
      <Filter>hdr</Filter>
    </ClInclude>
  </ItemGroup>
  <ItemGroup>
    <ClCompile Include="src\Vector.c">
      <Filter>src</Filter>
    </ClCompile>
    <ClCompile Include="src\Maths.c">
      <Filter>src</Filter>
    </ClCompile>
    <ClCompile Include="src\Random.c">
      <Filter>src</Filter>
    </ClCompile>
    <ClCompile Include="src\Box.c">
      <Filter>src</Filter>
    </ClCompile>
  </ItemGroup>
</Project>