<?xml version="1.0" encoding="utf-8"?>
<Project ToolsVersion="4.0" xmlns="http://schemas.microsoft.com/developer/msbuild/2003">
  <ItemGroup>
    <Filter Include="hdr">
      <UniqueIdentifier>{58ec06d4-9678-4b4d-a218-db80a9e2db68}</UniqueIdentifier>
    </Filter>
    <Filter Include="src">
      <UniqueIdentifier>{0dd9c772-8218-4ab5-9d1d-2fdf1295bf58}</UniqueIdentifier>
    </Filter>
  </ItemGroup>
  <ItemGroup>
    <ClCompile Include="src\Sound.c">
      <Filter>src</Filter>
    </ClCompile>
  </ItemGroup>
  <ItemGroup>
    <ClInclude Include="src\hdr\Sound.h">
      <Filter>hdr</Filter>
    </ClInclude>
  </ItemGroup>
</Project>