// !$*UTF8*$!
{
	archiveVersion = 1;
	classes = {
	};
	objectVersion = 50;
	objects = {

/* Begin PBXBuildFile section */
		83467526210DF0F900FDAAA8 /* SDL2_framerate.c in Sources */ = {isa = PBXBuildFile; fileRef = 8346751D210DF0F900FDAAA8 /* SDL2_framerate.c */; };
		83467527210DF0F900FDAAA8 /* SDL2_gfxPrimitives.c in Sources */ = {isa = PBXBuildFile; fileRef = 8346751F210DF0F900FDAAA8 /* SDL2_gfxPrimitives.c */; };
		83467528210DF0F900FDAAA8 /* SDL2_imageFilter.c in Sources */ = {isa = PBXBuildFile; fileRef = 83467522210DF0F900FDAAA8 /* SDL2_imageFilter.c */; };
		83467529210DF0F900FDAAA8 /* SDL2_rotozoom.c in Sources */ = {isa = PBXBuildFile; fileRef = 83467524210DF0F900FDAAA8 /* SDL2_rotozoom.c */; };
		83CF0A28210CF2D8007B2533 /* Audio.c in Sources */ = {isa = PBXBuildFile; fileRef = 83CF096E210CF2D7007B2533 /* Audio.c */; };
		83CF0A29210CF2D8007B2533 /* Music.c in Sources */ = {isa = PBXBuildFile; fileRef = 83CF0970210CF2D7007B2533 /* Music.c */; };
		83CF0A2A210CF2D8007B2533 /* Sound.c in Sources */ = {isa = PBXBuildFile; fileRef = 83CF0972210CF2D7007B2533 /* Sound.c */; };
		83CF0A2B210CF2D8007B2533 /* Animation.c in Sources */ = {isa = PBXBuildFile; fileRef = 83CF0976210CF2D7007B2533 /* Animation.c */; };
		83CF0A2C210CF2D8007B2533 /* Camera.c in Sources */ = {isa = PBXBuildFile; fileRef = 83CF0978210CF2D7007B2533 /* Camera.c */; };
		83CF0A2D210CF2D8007B2533 /* Draw.c in Sources */ = {isa = PBXBuildFile; fileRef = 83CF097C210CF2D7007B2533 /* Draw.c */; };
		83CF0A2E210CF2D8007B2533 /* Font.c in Sources */ = {isa = PBXBuildFile; fileRef = 83CF097E210CF2D7007B2533 /* Font.c */; };
		83CF0A2F210CF2D8007B2533 /* Gui.c in Sources */ = {isa = PBXBuildFile; fileRef = 83CF0980210CF2D7007B2533 /* Gui.c */; };
		83CF0A30210CF2D8007B2533 /* Gui_private.c in Sources */ = {isa = PBXBuildFile; fileRef = 83CF0982210CF2D7007B2533 /* Gui_private.c */; };
		83CF0A31210CF2D8007B2533 /* Primitive.c in Sources */ = {isa = PBXBuildFile; fileRef = 83CF0984210CF2D7007B2533 /* Primitive.c */; };
		83CF0A32210CF2D8007B2533 /* Render.c in Sources */ = {isa = PBXBuildFile; fileRef = 83CF0986210CF2D7007B2533 /* Render.c */; };
		83CF0A33210CF2D8007B2533 /* Render_private.c in Sources */ = {isa = PBXBuildFile; fileRef = 83CF0988210CF2D7007B2533 /* Render_private.c */; };
		83CF0A34210CF2D8007B2533 /* Sprite.c in Sources */ = {isa = PBXBuildFile; fileRef = 83CF098A210CF2D7007B2533 /* Sprite.c */; };
		83CF0A35210CF2D8007B2533 /* Texture.c in Sources */ = {isa = PBXBuildFile; fileRef = 83CF098C210CF2D7007B2533 /* Texture.c */; };
		83CF0A36210CF2D8007B2533 /* Texture_private.c in Sources */ = {isa = PBXBuildFile; fileRef = 83CF098E210CF2D7007B2533 /* Texture_private.c */; };
		83CF0A37210CF2D8007B2533 /* chipmunk.c in Sources */ = {isa = PBXBuildFile; fileRef = 83CF0993210CF2D7007B2533 /* chipmunk.c */; };
		83CF0A38210CF2D8007B2533 /* cpArbiter.c in Sources */ = {isa = PBXBuildFile; fileRef = 83CF099A210CF2D7007B2533 /* cpArbiter.c */; };
		83CF0A39210CF2D8007B2533 /* cpArray.c in Sources */ = {isa = PBXBuildFile; fileRef = 83CF099C210CF2D7007B2533 /* cpArray.c */; };
		83CF0A3A210CF2D8007B2533 /* cpBBTree.c in Sources */ = {isa = PBXBuildFile; fileRef = 83CF099E210CF2D7007B2533 /* cpBBTree.c */; };
		83CF0A3B210CF2D8007B2533 /* cpBody.c in Sources */ = {isa = PBXBuildFile; fileRef = 83CF099F210CF2D7007B2533 /* cpBody.c */; };
		83CF0A3C210CF2D8007B2533 /* cpCollision.c in Sources */ = {isa = PBXBuildFile; fileRef = 83CF09A1210CF2D7007B2533 /* cpCollision.c */; };
		83CF0A3D210CF2D8007B2533 /* cpConstraint.c in Sources */ = {isa = PBXBuildFile; fileRef = 83CF09A2210CF2D7007B2533 /* cpConstraint.c */; };
		83CF0A3E210CF2D8007B2533 /* cpDampedRotarySpring.c in Sources */ = {isa = PBXBuildFile; fileRef = 83CF09A4210CF2D7007B2533 /* cpDampedRotarySpring.c */; };
		83CF0A3F210CF2D8007B2533 /* cpDampedSpring.c in Sources */ = {isa = PBXBuildFile; fileRef = 83CF09A6210CF2D7007B2533 /* cpDampedSpring.c */; };
		83CF0A40210CF2D8007B2533 /* cpGearJoint.c in Sources */ = {isa = PBXBuildFile; fileRef = 83CF09A8210CF2D7007B2533 /* cpGearJoint.c */; };
		83CF0A41210CF2D8007B2533 /* cpGrooveJoint.c in Sources */ = {isa = PBXBuildFile; fileRef = 83CF09AA210CF2D7007B2533 /* cpGrooveJoint.c */; };
		83CF0A42210CF2D8007B2533 /* cpHashSet.c in Sources */ = {isa = PBXBuildFile; fileRef = 83CF09AC210CF2D7007B2533 /* cpHashSet.c */; };
		83CF0A43210CF2D8007B2533 /* cpHastySpace.c in Sources */ = {isa = PBXBuildFile; fileRef = 83CF09AD210CF2D7007B2533 /* cpHastySpace.c */; };
		83CF0A44210CF2D8007B2533 /* cpMarch.c in Sources */ = {isa = PBXBuildFile; fileRef = 83CF09AF210CF2D7007B2533 /* cpMarch.c */; };
		83CF0A45210CF2D8007B2533 /* cpPinJoint.c in Sources */ = {isa = PBXBuildFile; fileRef = 83CF09B1210CF2D7007B2533 /* cpPinJoint.c */; };
		83CF0A46210CF2D8007B2533 /* cpPivotJoint.c in Sources */ = {isa = PBXBuildFile; fileRef = 83CF09B3210CF2D7007B2533 /* cpPivotJoint.c */; };
		83CF0A47210CF2D8007B2533 /* cpPolyline.c in Sources */ = {isa = PBXBuildFile; fileRef = 83CF09B5210CF2D7007B2533 /* cpPolyline.c */; };
		83CF0A48210CF2D8007B2533 /* cpPolyShape.c in Sources */ = {isa = PBXBuildFile; fileRef = 83CF09B7210CF2D7007B2533 /* cpPolyShape.c */; };
		83CF0A49210CF2D8007B2533 /* cpRatchetJoint.c in Sources */ = {isa = PBXBuildFile; fileRef = 83CF09B9210CF2D7007B2533 /* cpRatchetJoint.c */; };
		83CF0A4A210CF2D8007B2533 /* cpRobust.c in Sources */ = {isa = PBXBuildFile; fileRef = 83CF09BB210CF2D7007B2533 /* cpRobust.c */; };
		83CF0A4B210CF2D8007B2533 /* cpRotaryLimitJoint.c in Sources */ = {isa = PBXBuildFile; fileRef = 83CF09BD210CF2D7007B2533 /* cpRotaryLimitJoint.c */; };
		83CF0A4C210CF2D8007B2533 /* cpShape.c in Sources */ = {isa = PBXBuildFile; fileRef = 83CF09BF210CF2D7007B2533 /* cpShape.c */; };
		83CF0A4D210CF2D8007B2533 /* cpSimpleMotor.c in Sources */ = {isa = PBXBuildFile; fileRef = 83CF09C1210CF2D7007B2533 /* cpSimpleMotor.c */; };
		83CF0A4E210CF2D8007B2533 /* cpSlideJoint.c in Sources */ = {isa = PBXBuildFile; fileRef = 83CF09C3210CF2D7007B2533 /* cpSlideJoint.c */; };
		83CF0A4F210CF2D8007B2533 /* cpSpace.c in Sources */ = {isa = PBXBuildFile; fileRef = 83CF09C5210CF2D7007B2533 /* cpSpace.c */; };
		83CF0A50210CF2D8007B2533 /* cpSpaceComponent.c in Sources */ = {isa = PBXBuildFile; fileRef = 83CF09C7210CF2D7007B2533 /* cpSpaceComponent.c */; };
		83CF0A51210CF2D8007B2533 /* cpSpaceDebug.c in Sources */ = {isa = PBXBuildFile; fileRef = 83CF09C8210CF2D7007B2533 /* cpSpaceDebug.c */; };
		83CF0A52210CF2D8007B2533 /* cpSpaceHash.c in Sources */ = {isa = PBXBuildFile; fileRef = 83CF09C9210CF2D7007B2533 /* cpSpaceHash.c */; };
		83CF0A53210CF2D8007B2533 /* cpSpaceQuery.c in Sources */ = {isa = PBXBuildFile; fileRef = 83CF09CA210CF2D7007B2533 /* cpSpaceQuery.c */; };
		83CF0A54210CF2D8007B2533 /* cpSpaceStep.c in Sources */ = {isa = PBXBuildFile; fileRef = 83CF09CB210CF2D7007B2533 /* cpSpaceStep.c */; };
		83CF0A55210CF2D8007B2533 /* cpSpatialIndex.c in Sources */ = {isa = PBXBuildFile; fileRef = 83CF09CC210CF2D7007B2533 /* cpSpatialIndex.c */; };
		83CF0A56210CF2D8007B2533 /* cpSweep1D.c in Sources */ = {isa = PBXBuildFile; fileRef = 83CF09CE210CF2D7007B2533 /* cpSweep1D.c */; };
		83CF0A57210CF2D8007B2533 /* rlutil.c in Sources */ = {isa = PBXBuildFile; fileRef = 83CF09D5210CF2D7007B2533 /* rlutil.c */; };
		83CF0A5C210CF2D8007B2533 /* Interpolate.c in Sources */ = {isa = PBXBuildFile; fileRef = 83CF09E5210CF2D7007B2533 /* Interpolate.c */; };
		83CF0A5D210CF2D8007B2533 /* Asset.c in Sources */ = {isa = PBXBuildFile; fileRef = 83CF09EB210CF2D8007B2533 /* Asset.c */; };
		83CF0A5E210CF2D8007B2533 /* Asset_private.c in Sources */ = {isa = PBXBuildFile; fileRef = 83CF09ED210CF2D8007B2533 /* Asset_private.c */; };
		83CF0A5F210CF2D8007B2533 /* Core.c in Sources */ = {isa = PBXBuildFile; fileRef = 83CF09F0210CF2D8007B2533 /* Core.c */; };
		83CF0A60210CF2D8007B2533 /* Core_private.c in Sources */ = {isa = PBXBuildFile; fileRef = 83CF09F2210CF2D8007B2533 /* Core_private.c */; };
		83CF0A61210CF2D8007B2533 /* Data.c in Sources */ = {isa = PBXBuildFile; fileRef = 83CF09F4210CF2D8007B2533 /* Data.c */; };
		83CF0A62210CF2D8007B2533 /* Debug.c in Sources */ = {isa = PBXBuildFile; fileRef = 83CF09F6210CF2D8007B2533 /* Debug.c */; };
		83CF0A63210CF2D8007B2533 /* Entity.c in Sources */ = {isa = PBXBuildFile; fileRef = 83CF09F8210CF2D8007B2533 /* Entity.c */; };
		83CF0A64210CF2D8007B2533 /* Game.c in Sources */ = {isa = PBXBuildFile; fileRef = 83CF09FA210CF2D8007B2533 /* Game.c */; };
		83CF0A65210CF2D8007B2533 /* Game_private.c in Sources */ = {isa = PBXBuildFile; fileRef = 83CF09FC210CF2D8007B2533 /* Game_private.c */; };
		83CF0A66210CF2D8007B2533 /* Input.c in Sources */ = {isa = PBXBuildFile; fileRef = 83CF09FE210CF2D8007B2533 /* Input.c */; };
		83CF0A67210CF2D8007B2533 /* Input_private.c in Sources */ = {isa = PBXBuildFile; fileRef = 83CF0A00210CF2D8007B2533 /* Input_private.c */; };
		83CF0A68210CF2D8007B2533 /* Label.c in Sources */ = {isa = PBXBuildFile; fileRef = 83CF0A02210CF2D8007B2533 /* Label.c */; };
		83CF0A69210CF2D8007B2533 /* Label_private.c in Sources */ = {isa = PBXBuildFile; fileRef = 83CF0A04210CF2D8007B2533 /* Label_private.c */; };
		83CF0A6A210CF2D8007B2533 /* State.c in Sources */ = {isa = PBXBuildFile; fileRef = 83CF0A06210CF2D8007B2533 /* State.c */; };
		83CF0A6B210CF2D8007B2533 /* Time_.c in Sources */ = {isa = PBXBuildFile; fileRef = 83CF0A08210CF2D8007B2533 /* Time_.c */; };
		83CF0A6C210CF2D8007B2533 /* Time_private.c in Sources */ = {isa = PBXBuildFile; fileRef = 83CF0A0A210CF2D8007B2533 /* Time_private.c */; };
		83CF0A6D210CF2D8007B2533 /* Window.c in Sources */ = {isa = PBXBuildFile; fileRef = 83CF0A0D210CF2D8007B2533 /* Window.c */; };
		83CF0A6E210CF2D8007B2533 /* main.c in Sources */ = {isa = PBXBuildFile; fileRef = 83CF0A0F210CF2D8007B2533 /* main.c */; };
		83CF0A6F210CF2D8007B2533 /* Assert.c in Sources */ = {isa = PBXBuildFile; fileRef = 83CF0A11210CF2D8007B2533 /* Assert.c */; };
		83CF0A70210CF2D8007B2533 /* Log.c in Sources */ = {isa = PBXBuildFile; fileRef = 83CF0A13210CF2D8007B2533 /* Log.c */; };
		83CF0A71210CF2D8007B2533 /* Memory_.c in Sources */ = {isa = PBXBuildFile; fileRef = 83CF0A15210CF2D8007B2533 /* Memory_.c */; };
		83CF0A72210CF2D8007B2533 /* Random.c in Sources */ = {isa = PBXBuildFile; fileRef = 83CF0A17210CF2D8007B2533 /* Random.c */; };
		83CF0A73210CF2D8007B2533 /* Std_.c in Sources */ = {isa = PBXBuildFile; fileRef = 83CF0A19210CF2D8007B2533 /* Std_.c */; };
		83CF0A74210CF2D8007B2533 /* String_.c in Sources */ = {isa = PBXBuildFile; fileRef = 83CF0A1B210CF2D8007B2533 /* String_.c */; };
		83CF0A75210CF2D8007B2533 /* Terminal.c in Sources */ = {isa = PBXBuildFile; fileRef = 83CF0A1D210CF2D8007B2533 /* Terminal.c */; };
		83CF0A76210CF2D8007B2533 /* Terminal_private.c in Sources */ = {isa = PBXBuildFile; fileRef = 83CF0A1F210CF2D8007B2533 /* Terminal_private.c */; };
		83CF0A77210CF2D8007B2533 /* Error.c in Sources */ = {isa = PBXBuildFile; fileRef = 83CF0A25210CF2D8007B2533 /* Error.c */; };
		83CF0A78210CF2D8007B2533 /* Icon.c in Sources */ = {isa = PBXBuildFile; fileRef = 83CF0A26210CF2D8007B2533 /* Icon.c */; };
		83D5A2D0210CEB8500B3D17D /* SDL2_mixer.framework in Frameworks */ = {isa = PBXBuildFile; fileRef = 83D5A2CD210CEB8400B3D17D /* SDL2_mixer.framework */; };
		83D5A2D1210CEB8500B3D17D /* SDL2_ttf.framework in Frameworks */ = {isa = PBXBuildFile; fileRef = 83D5A2CE210CEB8500B3D17D /* SDL2_ttf.framework */; };
		83D5A2D2210CEB8500B3D17D /* SDL2.framework in Frameworks */ = {isa = PBXBuildFile; fileRef = 83D5A2CF210CEB8500B3D17D /* SDL2.framework */; };
/* End PBXBuildFile section */

/* Begin PBXCopyFilesBuildPhase section */
		83D5A2B7210CEABC00B3D17D /* CopyFiles */ = {
			isa = PBXCopyFilesBuildPhase;
			buildActionMask = 2147483647;
			dstPath = /usr/share/man/man1/;
			dstSubfolderSpec = 0;
			files = (
			);
			runOnlyForDeploymentPostprocessing = 1;
		};
/* End PBXCopyFilesBuildPhase section */

/* Begin PBXFileReference section */
		8346751D210DF0F900FDAAA8 /* SDL2_framerate.c */ = {isa = PBXFileReference; fileEncoding = 4; lastKnownFileType = sourcecode.c.c; path = SDL2_framerate.c; sourceTree = "<group>"; };
		8346751E210DF0F900FDAAA8 /* SDL2_framerate.h */ = {isa = PBXFileReference; fileEncoding = 4; lastKnownFileType = sourcecode.c.h; path = SDL2_framerate.h; sourceTree = "<group>"; };
		8346751F210DF0F900FDAAA8 /* SDL2_gfxPrimitives.c */ = {isa = PBXFileReference; fileEncoding = 4; lastKnownFileType = sourcecode.c.c; path = SDL2_gfxPrimitives.c; sourceTree = "<group>"; };
		83467520210DF0F900FDAAA8 /* SDL2_gfxPrimitives.h */ = {isa = PBXFileReference; fileEncoding = 4; lastKnownFileType = sourcecode.c.h; path = SDL2_gfxPrimitives.h; sourceTree = "<group>"; };
		83467521210DF0F900FDAAA8 /* SDL2_gfxPrimitives_font.h */ = {isa = PBXFileReference; fileEncoding = 4; lastKnownFileType = sourcecode.c.h; path = SDL2_gfxPrimitives_font.h; sourceTree = "<group>"; };
		83467522210DF0F900FDAAA8 /* SDL2_imageFilter.c */ = {isa = PBXFileReference; fileEncoding = 4; lastKnownFileType = sourcecode.c.c; path = SDL2_imageFilter.c; sourceTree = "<group>"; };
		83467523210DF0F900FDAAA8 /* SDL2_imageFilter.h */ = {isa = PBXFileReference; fileEncoding = 4; lastKnownFileType = sourcecode.c.h; path = SDL2_imageFilter.h; sourceTree = "<group>"; };
		83467524210DF0F900FDAAA8 /* SDL2_rotozoom.c */ = {isa = PBXFileReference; fileEncoding = 4; lastKnownFileType = sourcecode.c.c; path = SDL2_rotozoom.c; sourceTree = "<group>"; };
		83467525210DF0F900FDAAA8 /* SDL2_rotozoom.h */ = {isa = PBXFileReference; fileEncoding = 4; lastKnownFileType = sourcecode.c.h; path = SDL2_rotozoom.h; sourceTree = "<group>"; };
		83CF096E210CF2D7007B2533 /* Audio.c */ = {isa = PBXFileReference; fileEncoding = 4; lastKnownFileType = sourcecode.c.c; path = Audio.c; sourceTree = "<group>"; };
		83CF096F210CF2D7007B2533 /* Audio.h */ = {isa = PBXFileReference; fileEncoding = 4; lastKnownFileType = sourcecode.c.h; path = Audio.h; sourceTree = "<group>"; };
		83CF0970210CF2D7007B2533 /* Music.c */ = {isa = PBXFileReference; fileEncoding = 4; lastKnownFileType = sourcecode.c.c; path = Music.c; sourceTree = "<group>"; };
		83CF0971210CF2D7007B2533 /* Music.h */ = {isa = PBXFileReference; fileEncoding = 4; lastKnownFileType = sourcecode.c.h; path = Music.h; sourceTree = "<group>"; };
		83CF0972210CF2D7007B2533 /* Sound.c */ = {isa = PBXFileReference; fileEncoding = 4; lastKnownFileType = sourcecode.c.c; path = Sound.c; sourceTree = "<group>"; };
		83CF0973210CF2D7007B2533 /* Sound.h */ = {isa = PBXFileReference; fileEncoding = 4; lastKnownFileType = sourcecode.c.h; path = Sound.h; sourceTree = "<group>"; };
		83CF0974210CF2D7007B2533 /* TypesAudio.h */ = {isa = PBXFileReference; fileEncoding = 4; lastKnownFileType = sourcecode.c.h; path = TypesAudio.h; sourceTree = "<group>"; };
		83CF0976210CF2D7007B2533 /* Animation.c */ = {isa = PBXFileReference; fileEncoding = 4; lastKnownFileType = sourcecode.c.c; path = Animation.c; sourceTree = "<group>"; };
		83CF0977210CF2D7007B2533 /* Animation.h */ = {isa = PBXFileReference; fileEncoding = 4; lastKnownFileType = sourcecode.c.h; path = Animation.h; sourceTree = "<group>"; };
		83CF0978210CF2D7007B2533 /* Camera.c */ = {isa = PBXFileReference; fileEncoding = 4; lastKnownFileType = sourcecode.c.c; path = Camera.c; sourceTree = "<group>"; };
		83CF0979210CF2D7007B2533 /* Camera.h */ = {isa = PBXFileReference; fileEncoding = 4; lastKnownFileType = sourcecode.c.h; path = Camera.h; sourceTree = "<group>"; };
		83CF097A210CF2D7007B2533 /* Color.h */ = {isa = PBXFileReference; fileEncoding = 4; lastKnownFileType = sourcecode.c.h; path = Color.h; sourceTree = "<group>"; };
		83CF097B210CF2D7007B2533 /* Color_private.h */ = {isa = PBXFileReference; fileEncoding = 4; lastKnownFileType = sourcecode.c.h; path = Color_private.h; sourceTree = "<group>"; };
		83CF097C210CF2D7007B2533 /* Draw.c */ = {isa = PBXFileReference; fileEncoding = 4; lastKnownFileType = sourcecode.c.c; path = Draw.c; sourceTree = "<group>"; };
		83CF097D210CF2D7007B2533 /* Draw.h */ = {isa = PBXFileReference; fileEncoding = 4; lastKnownFileType = sourcecode.c.h; path = Draw.h; sourceTree = "<group>"; };
		83CF097E210CF2D7007B2533 /* Font.c */ = {isa = PBXFileReference; fileEncoding = 4; lastKnownFileType = sourcecode.c.c; path = Font.c; sourceTree = "<group>"; };
		83CF097F210CF2D7007B2533 /* Font.h */ = {isa = PBXFileReference; fileEncoding = 4; lastKnownFileType = sourcecode.c.h; path = Font.h; sourceTree = "<group>"; };
		83CF0980210CF2D7007B2533 /* Gui.c */ = {isa = PBXFileReference; fileEncoding = 4; lastKnownFileType = sourcecode.c.c; path = Gui.c; sourceTree = "<group>"; };
		83CF0981210CF2D7007B2533 /* Gui.h */ = {isa = PBXFileReference; fileEncoding = 4; lastKnownFileType = sourcecode.c.h; path = Gui.h; sourceTree = "<group>"; };
		83CF0982210CF2D7007B2533 /* Gui_private.c */ = {isa = PBXFileReference; fileEncoding = 4; lastKnownFileType = sourcecode.c.c; path = Gui_private.c; sourceTree = "<group>"; };
		83CF0983210CF2D7007B2533 /* Gui_private.h */ = {isa = PBXFileReference; fileEncoding = 4; lastKnownFileType = sourcecode.c.h; path = Gui_private.h; sourceTree = "<group>"; };
		83CF0984210CF2D7007B2533 /* Primitive.c */ = {isa = PBXFileReference; fileEncoding = 4; lastKnownFileType = sourcecode.c.c; path = Primitive.c; sourceTree = "<group>"; };
		83CF0985210CF2D7007B2533 /* Primitive.h */ = {isa = PBXFileReference; fileEncoding = 4; lastKnownFileType = sourcecode.c.h; path = Primitive.h; sourceTree = "<group>"; };
		83CF0986210CF2D7007B2533 /* Render.c */ = {isa = PBXFileReference; fileEncoding = 4; lastKnownFileType = sourcecode.c.c; path = Render.c; sourceTree = "<group>"; };
		83CF0987210CF2D7007B2533 /* Render.h */ = {isa = PBXFileReference; fileEncoding = 4; lastKnownFileType = sourcecode.c.h; path = Render.h; sourceTree = "<group>"; };
		83CF0988210CF2D7007B2533 /* Render_private.c */ = {isa = PBXFileReference; fileEncoding = 4; lastKnownFileType = sourcecode.c.c; path = Render_private.c; sourceTree = "<group>"; };
		83CF0989210CF2D7007B2533 /* Render_private.h */ = {isa = PBXFileReference; fileEncoding = 4; lastKnownFileType = sourcecode.c.h; path = Render_private.h; sourceTree = "<group>"; };
		83CF098A210CF2D7007B2533 /* Sprite.c */ = {isa = PBXFileReference; fileEncoding = 4; lastKnownFileType = sourcecode.c.c; path = Sprite.c; sourceTree = "<group>"; };
		83CF098B210CF2D7007B2533 /* Sprite.h */ = {isa = PBXFileReference; fileEncoding = 4; lastKnownFileType = sourcecode.c.h; path = Sprite.h; sourceTree = "<group>"; };
		83CF098C210CF2D7007B2533 /* Texture.c */ = {isa = PBXFileReference; fileEncoding = 4; lastKnownFileType = sourcecode.c.c; path = Texture.c; sourceTree = "<group>"; };
		83CF098D210CF2D7007B2533 /* Texture.h */ = {isa = PBXFileReference; fileEncoding = 4; lastKnownFileType = sourcecode.c.h; path = Texture.h; sourceTree = "<group>"; };
		83CF098E210CF2D7007B2533 /* Texture_private.c */ = {isa = PBXFileReference; fileEncoding = 4; lastKnownFileType = sourcecode.c.c; path = Texture_private.c; sourceTree = "<group>"; };
		83CF098F210CF2D7007B2533 /* Texture_private.h */ = {isa = PBXFileReference; fileEncoding = 4; lastKnownFileType = sourcecode.c.h; path = Texture_private.h; sourceTree = "<group>"; };
		83CF0990210CF2D7007B2533 /* TypesGraphics.h */ = {isa = PBXFileReference; fileEncoding = 4; lastKnownFileType = sourcecode.c.h; path = TypesGraphics.h; sourceTree = "<group>"; };
		83CF0993210CF2D7007B2533 /* chipmunk.c */ = {isa = PBXFileReference; fileEncoding = 4; lastKnownFileType = sourcecode.c.c; path = chipmunk.c; sourceTree = "<group>"; };
		83CF0994210CF2D7007B2533 /* chipmunk.h */ = {isa = PBXFileReference; fileEncoding = 4; lastKnownFileType = sourcecode.c.h; path = chipmunk.h; sourceTree = "<group>"; };
		83CF0995210CF2D7007B2533 /* chipmunk_ffi.h */ = {isa = PBXFileReference; fileEncoding = 4; lastKnownFileType = sourcecode.c.h; path = chipmunk_ffi.h; sourceTree = "<group>"; };
		83CF0996210CF2D7007B2533 /* chipmunk_private.h */ = {isa = PBXFileReference; fileEncoding = 4; lastKnownFileType = sourcecode.c.h; path = chipmunk_private.h; sourceTree = "<group>"; };
		83CF0997210CF2D7007B2533 /* chipmunk_structs.h */ = {isa = PBXFileReference; fileEncoding = 4; lastKnownFileType = sourcecode.c.h; path = chipmunk_structs.h; sourceTree = "<group>"; };
		83CF0998210CF2D7007B2533 /* chipmunk_types.h */ = {isa = PBXFileReference; fileEncoding = 4; lastKnownFileType = sourcecode.c.h; path = chipmunk_types.h; sourceTree = "<group>"; };
		83CF0999210CF2D7007B2533 /* chipmunk_unsafe.h */ = {isa = PBXFileReference; fileEncoding = 4; lastKnownFileType = sourcecode.c.h; path = chipmunk_unsafe.h; sourceTree = "<group>"; };
		83CF099A210CF2D7007B2533 /* cpArbiter.c */ = {isa = PBXFileReference; fileEncoding = 4; lastKnownFileType = sourcecode.c.c; path = cpArbiter.c; sourceTree = "<group>"; };
		83CF099B210CF2D7007B2533 /* cpArbiter.h */ = {isa = PBXFileReference; fileEncoding = 4; lastKnownFileType = sourcecode.c.h; path = cpArbiter.h; sourceTree = "<group>"; };
		83CF099C210CF2D7007B2533 /* cpArray.c */ = {isa = PBXFileReference; fileEncoding = 4; lastKnownFileType = sourcecode.c.c; path = cpArray.c; sourceTree = "<group>"; };
		83CF099D210CF2D7007B2533 /* cpBB.h */ = {isa = PBXFileReference; fileEncoding = 4; lastKnownFileType = sourcecode.c.h; path = cpBB.h; sourceTree = "<group>"; };
		83CF099E210CF2D7007B2533 /* cpBBTree.c */ = {isa = PBXFileReference; fileEncoding = 4; lastKnownFileType = sourcecode.c.c; path = cpBBTree.c; sourceTree = "<group>"; };
		83CF099F210CF2D7007B2533 /* cpBody.c */ = {isa = PBXFileReference; fileEncoding = 4; lastKnownFileType = sourcecode.c.c; path = cpBody.c; sourceTree = "<group>"; };
		83CF09A0210CF2D7007B2533 /* cpBody.h */ = {isa = PBXFileReference; fileEncoding = 4; lastKnownFileType = sourcecode.c.h; path = cpBody.h; sourceTree = "<group>"; };
		83CF09A1210CF2D7007B2533 /* cpCollision.c */ = {isa = PBXFileReference; fileEncoding = 4; lastKnownFileType = sourcecode.c.c; path = cpCollision.c; sourceTree = "<group>"; };
		83CF09A2210CF2D7007B2533 /* cpConstraint.c */ = {isa = PBXFileReference; fileEncoding = 4; lastKnownFileType = sourcecode.c.c; path = cpConstraint.c; sourceTree = "<group>"; };
		83CF09A3210CF2D7007B2533 /* cpConstraint.h */ = {isa = PBXFileReference; fileEncoding = 4; lastKnownFileType = sourcecode.c.h; path = cpConstraint.h; sourceTree = "<group>"; };
		83CF09A4210CF2D7007B2533 /* cpDampedRotarySpring.c */ = {isa = PBXFileReference; fileEncoding = 4; lastKnownFileType = sourcecode.c.c; path = cpDampedRotarySpring.c; sourceTree = "<group>"; };
		83CF09A5210CF2D7007B2533 /* cpDampedRotarySpring.h */ = {isa = PBXFileReference; fileEncoding = 4; lastKnownFileType = sourcecode.c.h; path = cpDampedRotarySpring.h; sourceTree = "<group>"; };
		83CF09A6210CF2D7007B2533 /* cpDampedSpring.c */ = {isa = PBXFileReference; fileEncoding = 4; lastKnownFileType = sourcecode.c.c; path = cpDampedSpring.c; sourceTree = "<group>"; };
		83CF09A7210CF2D7007B2533 /* cpDampedSpring.h */ = {isa = PBXFileReference; fileEncoding = 4; lastKnownFileType = sourcecode.c.h; path = cpDampedSpring.h; sourceTree = "<group>"; };
		83CF09A8210CF2D7007B2533 /* cpGearJoint.c */ = {isa = PBXFileReference; fileEncoding = 4; lastKnownFileType = sourcecode.c.c; path = cpGearJoint.c; sourceTree = "<group>"; };
		83CF09A9210CF2D7007B2533 /* cpGearJoint.h */ = {isa = PBXFileReference; fileEncoding = 4; lastKnownFileType = sourcecode.c.h; path = cpGearJoint.h; sourceTree = "<group>"; };
		83CF09AA210CF2D7007B2533 /* cpGrooveJoint.c */ = {isa = PBXFileReference; fileEncoding = 4; lastKnownFileType = sourcecode.c.c; path = cpGrooveJoint.c; sourceTree = "<group>"; };
		83CF09AB210CF2D7007B2533 /* cpGrooveJoint.h */ = {isa = PBXFileReference; fileEncoding = 4; lastKnownFileType = sourcecode.c.h; path = cpGrooveJoint.h; sourceTree = "<group>"; };
		83CF09AC210CF2D7007B2533 /* cpHashSet.c */ = {isa = PBXFileReference; fileEncoding = 4; lastKnownFileType = sourcecode.c.c; path = cpHashSet.c; sourceTree = "<group>"; };
		83CF09AD210CF2D7007B2533 /* cpHastySpace.c */ = {isa = PBXFileReference; fileEncoding = 4; lastKnownFileType = sourcecode.c.c; path = cpHastySpace.c; sourceTree = "<group>"; };
		83CF09AE210CF2D7007B2533 /* cpHastySpace.h */ = {isa = PBXFileReference; fileEncoding = 4; lastKnownFileType = sourcecode.c.h; path = cpHastySpace.h; sourceTree = "<group>"; };
		83CF09AF210CF2D7007B2533 /* cpMarch.c */ = {isa = PBXFileReference; fileEncoding = 4; lastKnownFileType = sourcecode.c.c; path = cpMarch.c; sourceTree = "<group>"; };
		83CF09B0210CF2D7007B2533 /* cpMarch.h */ = {isa = PBXFileReference; fileEncoding = 4; lastKnownFileType = sourcecode.c.h; path = cpMarch.h; sourceTree = "<group>"; };
		83CF09B1210CF2D7007B2533 /* cpPinJoint.c */ = {isa = PBXFileReference; fileEncoding = 4; lastKnownFileType = sourcecode.c.c; path = cpPinJoint.c; sourceTree = "<group>"; };
		83CF09B2210CF2D7007B2533 /* cpPinJoint.h */ = {isa = PBXFileReference; fileEncoding = 4; lastKnownFileType = sourcecode.c.h; path = cpPinJoint.h; sourceTree = "<group>"; };
		83CF09B3210CF2D7007B2533 /* cpPivotJoint.c */ = {isa = PBXFileReference; fileEncoding = 4; lastKnownFileType = sourcecode.c.c; path = cpPivotJoint.c; sourceTree = "<group>"; };
		83CF09B4210CF2D7007B2533 /* cpPivotJoint.h */ = {isa = PBXFileReference; fileEncoding = 4; lastKnownFileType = sourcecode.c.h; path = cpPivotJoint.h; sourceTree = "<group>"; };
		83CF09B5210CF2D7007B2533 /* cpPolyline.c */ = {isa = PBXFileReference; fileEncoding = 4; lastKnownFileType = sourcecode.c.c; path = cpPolyline.c; sourceTree = "<group>"; };
		83CF09B6210CF2D7007B2533 /* cpPolyline.h */ = {isa = PBXFileReference; fileEncoding = 4; lastKnownFileType = sourcecode.c.h; path = cpPolyline.h; sourceTree = "<group>"; };
		83CF09B7210CF2D7007B2533 /* cpPolyShape.c */ = {isa = PBXFileReference; fileEncoding = 4; lastKnownFileType = sourcecode.c.c; path = cpPolyShape.c; sourceTree = "<group>"; };
		83CF09B8210CF2D7007B2533 /* cpPolyShape.h */ = {isa = PBXFileReference; fileEncoding = 4; lastKnownFileType = sourcecode.c.h; path = cpPolyShape.h; sourceTree = "<group>"; };
		83CF09B9210CF2D7007B2533 /* cpRatchetJoint.c */ = {isa = PBXFileReference; fileEncoding = 4; lastKnownFileType = sourcecode.c.c; path = cpRatchetJoint.c; sourceTree = "<group>"; };
		83CF09BA210CF2D7007B2533 /* cpRatchetJoint.h */ = {isa = PBXFileReference; fileEncoding = 4; lastKnownFileType = sourcecode.c.h; path = cpRatchetJoint.h; sourceTree = "<group>"; };
		83CF09BB210CF2D7007B2533 /* cpRobust.c */ = {isa = PBXFileReference; fileEncoding = 4; lastKnownFileType = sourcecode.c.c; path = cpRobust.c; sourceTree = "<group>"; };
		83CF09BC210CF2D7007B2533 /* cpRobust.h */ = {isa = PBXFileReference; fileEncoding = 4; lastKnownFileType = sourcecode.c.h; path = cpRobust.h; sourceTree = "<group>"; };
		83CF09BD210CF2D7007B2533 /* cpRotaryLimitJoint.c */ = {isa = PBXFileReference; fileEncoding = 4; lastKnownFileType = sourcecode.c.c; path = cpRotaryLimitJoint.c; sourceTree = "<group>"; };
		83CF09BE210CF2D7007B2533 /* cpRotaryLimitJoint.h */ = {isa = PBXFileReference; fileEncoding = 4; lastKnownFileType = sourcecode.c.h; path = cpRotaryLimitJoint.h; sourceTree = "<group>"; };
		83CF09BF210CF2D7007B2533 /* cpShape.c */ = {isa = PBXFileReference; fileEncoding = 4; lastKnownFileType = sourcecode.c.c; path = cpShape.c; sourceTree = "<group>"; };
		83CF09C0210CF2D7007B2533 /* cpShape.h */ = {isa = PBXFileReference; fileEncoding = 4; lastKnownFileType = sourcecode.c.h; path = cpShape.h; sourceTree = "<group>"; };
		83CF09C1210CF2D7007B2533 /* cpSimpleMotor.c */ = {isa = PBXFileReference; fileEncoding = 4; lastKnownFileType = sourcecode.c.c; path = cpSimpleMotor.c; sourceTree = "<group>"; };
		83CF09C2210CF2D7007B2533 /* cpSimpleMotor.h */ = {isa = PBXFileReference; fileEncoding = 4; lastKnownFileType = sourcecode.c.h; path = cpSimpleMotor.h; sourceTree = "<group>"; };
		83CF09C3210CF2D7007B2533 /* cpSlideJoint.c */ = {isa = PBXFileReference; fileEncoding = 4; lastKnownFileType = sourcecode.c.c; path = cpSlideJoint.c; sourceTree = "<group>"; };
		83CF09C4210CF2D7007B2533 /* cpSlideJoint.h */ = {isa = PBXFileReference; fileEncoding = 4; lastKnownFileType = sourcecode.c.h; path = cpSlideJoint.h; sourceTree = "<group>"; };
		83CF09C5210CF2D7007B2533 /* cpSpace.c */ = {isa = PBXFileReference; fileEncoding = 4; lastKnownFileType = sourcecode.c.c; path = cpSpace.c; sourceTree = "<group>"; };
		83CF09C6210CF2D7007B2533 /* cpSpace.h */ = {isa = PBXFileReference; fileEncoding = 4; lastKnownFileType = sourcecode.c.h; path = cpSpace.h; sourceTree = "<group>"; };
		83CF09C7210CF2D7007B2533 /* cpSpaceComponent.c */ = {isa = PBXFileReference; fileEncoding = 4; lastKnownFileType = sourcecode.c.c; path = cpSpaceComponent.c; sourceTree = "<group>"; };
		83CF09C8210CF2D7007B2533 /* cpSpaceDebug.c */ = {isa = PBXFileReference; fileEncoding = 4; lastKnownFileType = sourcecode.c.c; path = cpSpaceDebug.c; sourceTree = "<group>"; };
		83CF09C9210CF2D7007B2533 /* cpSpaceHash.c */ = {isa = PBXFileReference; fileEncoding = 4; lastKnownFileType = sourcecode.c.c; path = cpSpaceHash.c; sourceTree = "<group>"; };
		83CF09CA210CF2D7007B2533 /* cpSpaceQuery.c */ = {isa = PBXFileReference; fileEncoding = 4; lastKnownFileType = sourcecode.c.c; path = cpSpaceQuery.c; sourceTree = "<group>"; };
		83CF09CB210CF2D7007B2533 /* cpSpaceStep.c */ = {isa = PBXFileReference; fileEncoding = 4; lastKnownFileType = sourcecode.c.c; path = cpSpaceStep.c; sourceTree = "<group>"; };
		83CF09CC210CF2D7007B2533 /* cpSpatialIndex.c */ = {isa = PBXFileReference; fileEncoding = 4; lastKnownFileType = sourcecode.c.c; path = cpSpatialIndex.c; sourceTree = "<group>"; };
		83CF09CD210CF2D7007B2533 /* cpSpatialIndex.h */ = {isa = PBXFileReference; fileEncoding = 4; lastKnownFileType = sourcecode.c.h; path = cpSpatialIndex.h; sourceTree = "<group>"; };
		83CF09CE210CF2D7007B2533 /* cpSweep1D.c */ = {isa = PBXFileReference; fileEncoding = 4; lastKnownFileType = sourcecode.c.c; path = cpSweep1D.c; sourceTree = "<group>"; };
		83CF09CF210CF2D7007B2533 /* cpTransform.h */ = {isa = PBXFileReference; fileEncoding = 4; lastKnownFileType = sourcecode.c.h; path = cpTransform.h; sourceTree = "<group>"; };
		83CF09D0210CF2D7007B2533 /* cpVect.h */ = {isa = PBXFileReference; fileEncoding = 4; lastKnownFileType = sourcecode.c.h; path = cpVect.h; sourceTree = "<group>"; };
		83CF09D1210CF2D7007B2533 /* prime.h */ = {isa = PBXFileReference; fileEncoding = 4; lastKnownFileType = sourcecode.c.h; path = prime.h; sourceTree = "<group>"; };
		83CF09D3210CF2D7007B2533 /* rnd.h */ = {isa = PBXFileReference; fileEncoding = 4; lastKnownFileType = sourcecode.c.h; path = rnd.h; sourceTree = "<group>"; };
		83CF09D5210CF2D7007B2533 /* rlutil.c */ = {isa = PBXFileReference; fileEncoding = 4; lastKnownFileType = sourcecode.c.c; path = rlutil.c; sourceTree = "<group>"; };
		83CF09D6210CF2D7007B2533 /* rlutil.h */ = {isa = PBXFileReference; fileEncoding = 4; lastKnownFileType = sourcecode.c.h; path = rlutil.h; sourceTree = "<group>"; };
		83CF09E2210CF2D7007B2533 /* stb_image.h */ = {isa = PBXFileReference; fileEncoding = 4; lastKnownFileType = sourcecode.c.h; path = stb_image.h; sourceTree = "<group>"; };
		83CF09E4210CF2D7007B2533 /* Box.h */ = {isa = PBXFileReference; fileEncoding = 4; lastKnownFileType = sourcecode.c.h; path = Box.h; sourceTree = "<group>"; };
		83CF09E5210CF2D7007B2533 /* Interpolate.c */ = {isa = PBXFileReference; fileEncoding = 4; lastKnownFileType = sourcecode.c.c; path = Interpolate.c; sourceTree = "<group>"; };
		83CF09E6210CF2D7007B2533 /* Interpolate.h */ = {isa = PBXFileReference; fileEncoding = 4; lastKnownFileType = sourcecode.c.h; path = Interpolate.h; sourceTree = "<group>"; };
		83CF09E7210CF2D7007B2533 /* Maths.h */ = {isa = PBXFileReference; fileEncoding = 4; lastKnownFileType = sourcecode.c.h; path = Maths.h; sourceTree = "<group>"; };
		83CF09E8210CF2D7007B2533 /* TypesMaths.h */ = {isa = PBXFileReference; fileEncoding = 4; lastKnownFileType = sourcecode.c.h; path = TypesMaths.h; sourceTree = "<group>"; };
		83CF09E9210CF2D7007B2533 /* Vector.h */ = {isa = PBXFileReference; fileEncoding = 4; lastKnownFileType = sourcecode.c.h; path = Vector.h; sourceTree = "<group>"; };
		83CF09EB210CF2D8007B2533 /* Asset.c */ = {isa = PBXFileReference; fileEncoding = 4; lastKnownFileType = sourcecode.c.c; path = Asset.c; sourceTree = "<group>"; };
		83CF09EC210CF2D8007B2533 /* Asset.h */ = {isa = PBXFileReference; fileEncoding = 4; lastKnownFileType = sourcecode.c.h; path = Asset.h; sourceTree = "<group>"; };
		83CF09ED210CF2D8007B2533 /* Asset_private.c */ = {isa = PBXFileReference; fileEncoding = 4; lastKnownFileType = sourcecode.c.c; path = Asset_private.c; sourceTree = "<group>"; };
		83CF09EE210CF2D8007B2533 /* Asset_private.h */ = {isa = PBXFileReference; fileEncoding = 4; lastKnownFileType = sourcecode.c.h; path = Asset_private.h; sourceTree = "<group>"; };
		83CF09EF210CF2D8007B2533 /* Converter_private.h */ = {isa = PBXFileReference; fileEncoding = 4; lastKnownFileType = sourcecode.c.h; path = Converter_private.h; sourceTree = "<group>"; };
		83CF09F0210CF2D8007B2533 /* Core.c */ = {isa = PBXFileReference; fileEncoding = 4; lastKnownFileType = sourcecode.c.c; path = Core.c; sourceTree = "<group>"; };
		83CF09F1210CF2D8007B2533 /* Core.h */ = {isa = PBXFileReference; fileEncoding = 4; lastKnownFileType = sourcecode.c.h; path = Core.h; sourceTree = "<group>"; };
		83CF09F2210CF2D8007B2533 /* Core_private.c */ = {isa = PBXFileReference; fileEncoding = 4; lastKnownFileType = sourcecode.c.c; path = Core_private.c; sourceTree = "<group>"; };
		83CF09F3210CF2D8007B2533 /* Core_private.h */ = {isa = PBXFileReference; fileEncoding = 4; lastKnownFileType = sourcecode.c.h; path = Core_private.h; sourceTree = "<group>"; };
		83CF09F4210CF2D8007B2533 /* Data.c */ = {isa = PBXFileReference; fileEncoding = 4; lastKnownFileType = sourcecode.c.c; path = Data.c; sourceTree = "<group>"; };
		83CF09F5210CF2D8007B2533 /* Data.h */ = {isa = PBXFileReference; fileEncoding = 4; lastKnownFileType = sourcecode.c.h; path = Data.h; sourceTree = "<group>"; };
		83CF09F6210CF2D8007B2533 /* Debug.c */ = {isa = PBXFileReference; fileEncoding = 4; lastKnownFileType = sourcecode.c.c; path = Debug.c; sourceTree = "<group>"; };
		83CF09F7210CF2D8007B2533 /* Debug.h */ = {isa = PBXFileReference; fileEncoding = 4; lastKnownFileType = sourcecode.c.h; path = Debug.h; sourceTree = "<group>"; };
		83CF09F8210CF2D8007B2533 /* Entity.c */ = {isa = PBXFileReference; fileEncoding = 4; lastKnownFileType = sourcecode.c.c; path = Entity.c; sourceTree = "<group>"; };
		83CF09F9210CF2D8007B2533 /* Entity.h */ = {isa = PBXFileReference; fileEncoding = 4; lastKnownFileType = sourcecode.c.h; path = Entity.h; sourceTree = "<group>"; };
		83CF09FA210CF2D8007B2533 /* Game.c */ = {isa = PBXFileReference; fileEncoding = 4; lastKnownFileType = sourcecode.c.c; path = Game.c; sourceTree = "<group>"; };
		83CF09FB210CF2D8007B2533 /* Game.h */ = {isa = PBXFileReference; fileEncoding = 4; lastKnownFileType = sourcecode.c.h; path = Game.h; sourceTree = "<group>"; };
		83CF09FC210CF2D8007B2533 /* Game_private.c */ = {isa = PBXFileReference; fileEncoding = 4; lastKnownFileType = sourcecode.c.c; path = Game_private.c; sourceTree = "<group>"; };
		83CF09FD210CF2D8007B2533 /* Game_private.h */ = {isa = PBXFileReference; fileEncoding = 4; lastKnownFileType = sourcecode.c.h; path = Game_private.h; sourceTree = "<group>"; };
		83CF09FE210CF2D8007B2533 /* Input.c */ = {isa = PBXFileReference; fileEncoding = 4; lastKnownFileType = sourcecode.c.c; path = Input.c; sourceTree = "<group>"; };
		83CF09FF210CF2D8007B2533 /* Input.h */ = {isa = PBXFileReference; fileEncoding = 4; lastKnownFileType = sourcecode.c.h; path = Input.h; sourceTree = "<group>"; };
		83CF0A00210CF2D8007B2533 /* Input_private.c */ = {isa = PBXFileReference; fileEncoding = 4; lastKnownFileType = sourcecode.c.c; path = Input_private.c; sourceTree = "<group>"; };
		83CF0A01210CF2D8007B2533 /* Input_private.h */ = {isa = PBXFileReference; fileEncoding = 4; lastKnownFileType = sourcecode.c.h; path = Input_private.h; sourceTree = "<group>"; };
		83CF0A02210CF2D8007B2533 /* Label.c */ = {isa = PBXFileReference; fileEncoding = 4; lastKnownFileType = sourcecode.c.c; path = Label.c; sourceTree = "<group>"; };
		83CF0A03210CF2D8007B2533 /* Label.h */ = {isa = PBXFileReference; fileEncoding = 4; lastKnownFileType = sourcecode.c.h; path = Label.h; sourceTree = "<group>"; };
		83CF0A04210CF2D8007B2533 /* Label_private.c */ = {isa = PBXFileReference; fileEncoding = 4; lastKnownFileType = sourcecode.c.c; path = Label_private.c; sourceTree = "<group>"; };
		83CF0A05210CF2D8007B2533 /* Label_private.h */ = {isa = PBXFileReference; fileEncoding = 4; lastKnownFileType = sourcecode.c.h; path = Label_private.h; sourceTree = "<group>"; };
		83CF0A06210CF2D8007B2533 /* State.c */ = {isa = PBXFileReference; fileEncoding = 4; lastKnownFileType = sourcecode.c.c; path = State.c; sourceTree = "<group>"; };
		83CF0A07210CF2D8007B2533 /* State.h */ = {isa = PBXFileReference; fileEncoding = 4; lastKnownFileType = sourcecode.c.h; path = State.h; sourceTree = "<group>"; };
		83CF0A08210CF2D8007B2533 /* Time_.c */ = {isa = PBXFileReference; fileEncoding = 4; lastKnownFileType = sourcecode.c.c; path = Time_.c; sourceTree = "<group>"; };
		83CF0A09210CF2D8007B2533 /* Time_.h */ = {isa = PBXFileReference; fileEncoding = 4; lastKnownFileType = sourcecode.c.h; path = Time_.h; sourceTree = "<group>"; };
		83CF0A0A210CF2D8007B2533 /* Time_private.c */ = {isa = PBXFileReference; fileEncoding = 4; lastKnownFileType = sourcecode.c.c; path = Time_private.c; sourceTree = "<group>"; };
		83CF0A0B210CF2D8007B2533 /* Time_private.h */ = {isa = PBXFileReference; fileEncoding = 4; lastKnownFileType = sourcecode.c.h; path = Time_private.h; sourceTree = "<group>"; };
		83CF0A0C210CF2D8007B2533 /* TypesCore.h */ = {isa = PBXFileReference; fileEncoding = 4; lastKnownFileType = sourcecode.c.h; path = TypesCore.h; sourceTree = "<group>"; };
		83CF0A0D210CF2D8007B2533 /* Window.c */ = {isa = PBXFileReference; fileEncoding = 4; lastKnownFileType = sourcecode.c.c; path = Window.c; sourceTree = "<group>"; };
		83CF0A0E210CF2D8007B2533 /* Window.h */ = {isa = PBXFileReference; fileEncoding = 4; lastKnownFileType = sourcecode.c.h; path = Window.h; sourceTree = "<group>"; };
		83CF0A0F210CF2D8007B2533 /* main.c */ = {isa = PBXFileReference; fileEncoding = 4; lastKnownFileType = sourcecode.c.c; name = main.c; path = src/main.c; sourceTree = "<group>"; };
		83CF0A11210CF2D8007B2533 /* Assert.c */ = {isa = PBXFileReference; fileEncoding = 4; lastKnownFileType = sourcecode.c.c; path = Assert.c; sourceTree = "<group>"; };
		83CF0A12210CF2D8007B2533 /* Assert.h */ = {isa = PBXFileReference; fileEncoding = 4; lastKnownFileType = sourcecode.c.h; path = Assert.h; sourceTree = "<group>"; };
		83CF0A13210CF2D8007B2533 /* Log.c */ = {isa = PBXFileReference; fileEncoding = 4; lastKnownFileType = sourcecode.c.c; path = Log.c; sourceTree = "<group>"; };
		83CF0A14210CF2D8007B2533 /* Log.h */ = {isa = PBXFileReference; fileEncoding = 4; lastKnownFileType = sourcecode.c.h; path = Log.h; sourceTree = "<group>"; };
		83CF0A15210CF2D8007B2533 /* Memory_.c */ = {isa = PBXFileReference; fileEncoding = 4; lastKnownFileType = sourcecode.c.c; path = Memory_.c; sourceTree = "<group>"; };
		83CF0A16210CF2D8007B2533 /* Memory_.h */ = {isa = PBXFileReference; fileEncoding = 4; lastKnownFileType = sourcecode.c.h; path = Memory_.h; sourceTree = "<group>"; };
		83CF0A17210CF2D8007B2533 /* Random.c */ = {isa = PBXFileReference; fileEncoding = 4; lastKnownFileType = sourcecode.c.c; path = Random.c; sourceTree = "<group>"; };
		83CF0A18210CF2D8007B2533 /* Random.h */ = {isa = PBXFileReference; fileEncoding = 4; lastKnownFileType = sourcecode.c.h; path = Random.h; sourceTree = "<group>"; };
		83CF0A19210CF2D8007B2533 /* Std_.c */ = {isa = PBXFileReference; fileEncoding = 4; lastKnownFileType = sourcecode.c.c; path = Std_.c; sourceTree = "<group>"; };
		83CF0A1A210CF2D8007B2533 /* Std_.h */ = {isa = PBXFileReference; fileEncoding = 4; lastKnownFileType = sourcecode.c.h; path = Std_.h; sourceTree = "<group>"; };
		83CF0A1B210CF2D8007B2533 /* String_.c */ = {isa = PBXFileReference; fileEncoding = 4; lastKnownFileType = sourcecode.c.c; path = String_.c; sourceTree = "<group>"; };
		83CF0A1C210CF2D8007B2533 /* String_.h */ = {isa = PBXFileReference; fileEncoding = 4; lastKnownFileType = sourcecode.c.h; path = String_.h; sourceTree = "<group>"; };
		83CF0A1D210CF2D8007B2533 /* Terminal.c */ = {isa = PBXFileReference; fileEncoding = 4; lastKnownFileType = sourcecode.c.c; path = Terminal.c; sourceTree = "<group>"; };
		83CF0A1E210CF2D8007B2533 /* Terminal.h */ = {isa = PBXFileReference; fileEncoding = 4; lastKnownFileType = sourcecode.c.h; path = Terminal.h; sourceTree = "<group>"; };
		83CF0A1F210CF2D8007B2533 /* Terminal_private.c */ = {isa = PBXFileReference; fileEncoding = 4; lastKnownFileType = sourcecode.c.c; path = Terminal_private.c; sourceTree = "<group>"; };
		83CF0A20210CF2D8007B2533 /* Terminal_private.h */ = {isa = PBXFileReference; fileEncoding = 4; lastKnownFileType = sourcecode.c.h; path = Terminal_private.h; sourceTree = "<group>"; };
		83CF0A21210CF2D8007B2533 /* TypesFramework.h */ = {isa = PBXFileReference; fileEncoding = 4; lastKnownFileType = sourcecode.c.h; path = TypesFramework.h; sourceTree = "<group>"; };
		83CF0A23210CF2D8007B2533 /* TypesPhysics.h */ = {isa = PBXFileReference; fileEncoding = 4; lastKnownFileType = sourcecode.c.h; path = TypesPhysics.h; sourceTree = "<group>"; };
		83CF0A25210CF2D8007B2533 /* Error.c */ = {isa = PBXFileReference; fileEncoding = 4; lastKnownFileType = sourcecode.c.c; path = Error.c; sourceTree = "<group>"; };
		83CF0A26210CF2D8007B2533 /* Icon.c */ = {isa = PBXFileReference; fileEncoding = 4; lastKnownFileType = sourcecode.c.c; path = Icon.c; sourceTree = "<group>"; };
		83CF0A27210CF2D8007B2533 /* ICE.h */ = {isa = PBXFileReference; fileEncoding = 4; lastKnownFileType = sourcecode.c.h; name = ICE.h; path = src/ICE.h; sourceTree = "<group>"; };
		83D5A2B9210CEABC00B3D17D /* ICEngine */ = {isa = PBXFileReference; explicitFileType = "compiled.mach-o.executable"; includeInIndex = 0; path = ICEngine; sourceTree = BUILT_PRODUCTS_DIR; };
		83D5A2CD210CEB8400B3D17D /* SDL2_mixer.framework */ = {isa = PBXFileReference; lastKnownFileType = wrapper.framework; name = SDL2_mixer.framework; path = ../../../../Library/Frameworks/SDL2_mixer.framework; sourceTree = "<group>"; };
		83D5A2CE210CEB8500B3D17D /* SDL2_ttf.framework */ = {isa = PBXFileReference; lastKnownFileType = wrapper.framework; name = SDL2_ttf.framework; path = ../../../../Library/Frameworks/SDL2_ttf.framework; sourceTree = "<group>"; };
		83D5A2CF210CEB8500B3D17D /* SDL2.framework */ = {isa = PBXFileReference; lastKnownFileType = wrapper.framework; name = SDL2.framework; path = ../../../../Library/Frameworks/SDL2.framework; sourceTree = "<group>"; };
/* End PBXFileReference section */

/* Begin PBXFrameworksBuildPhase section */
		83D5A2B6210CEABC00B3D17D /* Frameworks */ = {
			isa = PBXFrameworksBuildPhase;
			buildActionMask = 2147483647;
			files = (
				83D5A2D0210CEB8500B3D17D /* SDL2_mixer.framework in Frameworks */,
				83D5A2D1210CEB8500B3D17D /* SDL2_ttf.framework in Frameworks */,
				83D5A2D2210CEB8500B3D17D /* SDL2.framework in Frameworks */,
			);
			runOnlyForDeploymentPostprocessing = 0;
		};
/* End PBXFrameworksBuildPhase section */

/* Begin PBXGroup section */
		8346751C210DF0F900FDAAA8 /* SDL2_gfx */ = {
			isa = PBXGroup;
			children = (
				8346751D210DF0F900FDAAA8 /* SDL2_framerate.c */,
				8346751E210DF0F900FDAAA8 /* SDL2_framerate.h */,
				8346751F210DF0F900FDAAA8 /* SDL2_gfxPrimitives.c */,
				83467520210DF0F900FDAAA8 /* SDL2_gfxPrimitives.h */,
				83467521210DF0F900FDAAA8 /* SDL2_gfxPrimitives_font.h */,
				83467522210DF0F900FDAAA8 /* SDL2_imageFilter.c */,
				83467523210DF0F900FDAAA8 /* SDL2_imageFilter.h */,
				83467524210DF0F900FDAAA8 /* SDL2_rotozoom.c */,
				83467525210DF0F900FDAAA8 /* SDL2_rotozoom.h */,
			);
			path = SDL2_gfx;
			sourceTree = "<group>";
		};
		83CF096D210CF2D7007B2533 /* Audio */ = {
			isa = PBXGroup;
			children = (
				83CF096E210CF2D7007B2533 /* Audio.c */,
				83CF096F210CF2D7007B2533 /* Audio.h */,
				83CF0970210CF2D7007B2533 /* Music.c */,
				83CF0971210CF2D7007B2533 /* Music.h */,
				83CF0972210CF2D7007B2533 /* Sound.c */,
				83CF0973210CF2D7007B2533 /* Sound.h */,
				83CF0974210CF2D7007B2533 /* TypesAudio.h */,
			);
			name = Audio;
			path = src/Audio;
			sourceTree = "<group>";
		};
		83CF0975210CF2D7007B2533 /* Graphics */ = {
			isa = PBXGroup;
			children = (
				83CF0976210CF2D7007B2533 /* Animation.c */,
				83CF0977210CF2D7007B2533 /* Animation.h */,
				83CF0978210CF2D7007B2533 /* Camera.c */,
				83CF0979210CF2D7007B2533 /* Camera.h */,
				83CF097A210CF2D7007B2533 /* Color.h */,
				83CF097B210CF2D7007B2533 /* Color_private.h */,
				83CF097C210CF2D7007B2533 /* Draw.c */,
				83CF097D210CF2D7007B2533 /* Draw.h */,
				83CF097E210CF2D7007B2533 /* Font.c */,
				83CF097F210CF2D7007B2533 /* Font.h */,
				83CF0980210CF2D7007B2533 /* Gui.c */,
				83CF0981210CF2D7007B2533 /* Gui.h */,
				83CF0982210CF2D7007B2533 /* Gui_private.c */,
				83CF0983210CF2D7007B2533 /* Gui_private.h */,
				83CF0984210CF2D7007B2533 /* Primitive.c */,
				83CF0985210CF2D7007B2533 /* Primitive.h */,
				83CF0986210CF2D7007B2533 /* Render.c */,
				83CF0987210CF2D7007B2533 /* Render.h */,
				83CF0988210CF2D7007B2533 /* Render_private.c */,
				83CF0989210CF2D7007B2533 /* Render_private.h */,
				83CF098A210CF2D7007B2533 /* Sprite.c */,
				83CF098B210CF2D7007B2533 /* Sprite.h */,
				83CF098C210CF2D7007B2533 /* Texture.c */,
				83CF098D210CF2D7007B2533 /* Texture.h */,
				83CF098E210CF2D7007B2533 /* Texture_private.c */,
				83CF098F210CF2D7007B2533 /* Texture_private.h */,
				83CF0990210CF2D7007B2533 /* TypesGraphics.h */,
			);
			name = Graphics;
			path = src/Graphics;
			sourceTree = "<group>";
		};
		83CF0991210CF2D7007B2533 /* External */ = {
			isa = PBXGroup;
			children = (
				8346751C210DF0F900FDAAA8 /* SDL2_gfx */,
				83CF0992210CF2D7007B2533 /* chipmunk */,
				83CF09D2210CF2D7007B2533 /* mattiasgustavsson */,
				83CF09D4210CF2D7007B2533 /* rlutil */,
				83CF09E1210CF2D7007B2533 /* stb */,
			);
			name = External;
			path = src/External;
			sourceTree = "<group>";
		};
		83CF0992210CF2D7007B2533 /* chipmunk */ = {
			isa = PBXGroup;
			children = (
				83CF0993210CF2D7007B2533 /* chipmunk.c */,
				83CF0994210CF2D7007B2533 /* chipmunk.h */,
				83CF0995210CF2D7007B2533 /* chipmunk_ffi.h */,
				83CF0996210CF2D7007B2533 /* chipmunk_private.h */,
				83CF0997210CF2D7007B2533 /* chipmunk_structs.h */,
				83CF0998210CF2D7007B2533 /* chipmunk_types.h */,
				83CF0999210CF2D7007B2533 /* chipmunk_unsafe.h */,
				83CF099A210CF2D7007B2533 /* cpArbiter.c */,
				83CF099B210CF2D7007B2533 /* cpArbiter.h */,
				83CF099C210CF2D7007B2533 /* cpArray.c */,
				83CF099D210CF2D7007B2533 /* cpBB.h */,
				83CF099E210CF2D7007B2533 /* cpBBTree.c */,
				83CF099F210CF2D7007B2533 /* cpBody.c */,
				83CF09A0210CF2D7007B2533 /* cpBody.h */,
				83CF09A1210CF2D7007B2533 /* cpCollision.c */,
				83CF09A2210CF2D7007B2533 /* cpConstraint.c */,
				83CF09A3210CF2D7007B2533 /* cpConstraint.h */,
				83CF09A4210CF2D7007B2533 /* cpDampedRotarySpring.c */,
				83CF09A5210CF2D7007B2533 /* cpDampedRotarySpring.h */,
				83CF09A6210CF2D7007B2533 /* cpDampedSpring.c */,
				83CF09A7210CF2D7007B2533 /* cpDampedSpring.h */,
				83CF09A8210CF2D7007B2533 /* cpGearJoint.c */,
				83CF09A9210CF2D7007B2533 /* cpGearJoint.h */,
				83CF09AA210CF2D7007B2533 /* cpGrooveJoint.c */,
				83CF09AB210CF2D7007B2533 /* cpGrooveJoint.h */,
				83CF09AC210CF2D7007B2533 /* cpHashSet.c */,
				83CF09AD210CF2D7007B2533 /* cpHastySpace.c */,
				83CF09AE210CF2D7007B2533 /* cpHastySpace.h */,
				83CF09AF210CF2D7007B2533 /* cpMarch.c */,
				83CF09B0210CF2D7007B2533 /* cpMarch.h */,
				83CF09B1210CF2D7007B2533 /* cpPinJoint.c */,
				83CF09B2210CF2D7007B2533 /* cpPinJoint.h */,
				83CF09B3210CF2D7007B2533 /* cpPivotJoint.c */,
				83CF09B4210CF2D7007B2533 /* cpPivotJoint.h */,
				83CF09B5210CF2D7007B2533 /* cpPolyline.c */,
				83CF09B6210CF2D7007B2533 /* cpPolyline.h */,
				83CF09B7210CF2D7007B2533 /* cpPolyShape.c */,
				83CF09B8210CF2D7007B2533 /* cpPolyShape.h */,
				83CF09B9210CF2D7007B2533 /* cpRatchetJoint.c */,
				83CF09BA210CF2D7007B2533 /* cpRatchetJoint.h */,
				83CF09BB210CF2D7007B2533 /* cpRobust.c */,
				83CF09BC210CF2D7007B2533 /* cpRobust.h */,
				83CF09BD210CF2D7007B2533 /* cpRotaryLimitJoint.c */,
				83CF09BE210CF2D7007B2533 /* cpRotaryLimitJoint.h */,
				83CF09BF210CF2D7007B2533 /* cpShape.c */,
				83CF09C0210CF2D7007B2533 /* cpShape.h */,
				83CF09C1210CF2D7007B2533 /* cpSimpleMotor.c */,
				83CF09C2210CF2D7007B2533 /* cpSimpleMotor.h */,
				83CF09C3210CF2D7007B2533 /* cpSlideJoint.c */,
				83CF09C4210CF2D7007B2533 /* cpSlideJoint.h */,
				83CF09C5210CF2D7007B2533 /* cpSpace.c */,
				83CF09C6210CF2D7007B2533 /* cpSpace.h */,
				83CF09C7210CF2D7007B2533 /* cpSpaceComponent.c */,
				83CF09C8210CF2D7007B2533 /* cpSpaceDebug.c */,
				83CF09C9210CF2D7007B2533 /* cpSpaceHash.c */,
				83CF09CA210CF2D7007B2533 /* cpSpaceQuery.c */,
				83CF09CB210CF2D7007B2533 /* cpSpaceStep.c */,
				83CF09CC210CF2D7007B2533 /* cpSpatialIndex.c */,
				83CF09CD210CF2D7007B2533 /* cpSpatialIndex.h */,
				83CF09CE210CF2D7007B2533 /* cpSweep1D.c */,
				83CF09CF210CF2D7007B2533 /* cpTransform.h */,
				83CF09D0210CF2D7007B2533 /* cpVect.h */,
				83CF09D1210CF2D7007B2533 /* prime.h */,
			);
			path = chipmunk;
			sourceTree = "<group>";
		};
		83CF09D2210CF2D7007B2533 /* mattiasgustavsson */ = {
			isa = PBXGroup;
			children = (
				83CF09D3210CF2D7007B2533 /* rnd.h */,
			);
			path = mattiasgustavsson;
			sourceTree = "<group>";
		};
		83CF09D4210CF2D7007B2533 /* rlutil */ = {
			isa = PBXGroup;
			children = (
				83CF09D5210CF2D7007B2533 /* rlutil.c */,
				83CF09D6210CF2D7007B2533 /* rlutil.h */,
			);
			path = rlutil;
			sourceTree = "<group>";
		};
		83CF09E1210CF2D7007B2533 /* stb */ = {
			isa = PBXGroup;
			children = (
				83CF09E2210CF2D7007B2533 /* stb_image.h */,
			);
			path = stb;
			sourceTree = "<group>";
		};
		83CF09E3210CF2D7007B2533 /* Maths */ = {
			isa = PBXGroup;
			children = (
				83CF09E4210CF2D7007B2533 /* Box.h */,
				83CF09E5210CF2D7007B2533 /* Interpolate.c */,
				83CF09E6210CF2D7007B2533 /* Interpolate.h */,
				83CF09E7210CF2D7007B2533 /* Maths.h */,
				83CF09E8210CF2D7007B2533 /* TypesMaths.h */,
				83CF09E9210CF2D7007B2533 /* Vector.h */,
			);
			name = Maths;
			path = src/Maths;
			sourceTree = "<group>";
		};
		83CF09EA210CF2D8007B2533 /* Core */ = {
			isa = PBXGroup;
			children = (
				83CF09EB210CF2D8007B2533 /* Asset.c */,
				83CF09EC210CF2D8007B2533 /* Asset.h */,
				83CF09ED210CF2D8007B2533 /* Asset_private.c */,
				83CF09EE210CF2D8007B2533 /* Asset_private.h */,
				83CF09EF210CF2D8007B2533 /* Converter_private.h */,
				83CF09F0210CF2D8007B2533 /* Core.c */,
				83CF09F1210CF2D8007B2533 /* Core.h */,
				83CF09F2210CF2D8007B2533 /* Core_private.c */,
				83CF09F3210CF2D8007B2533 /* Core_private.h */,
				83CF09F4210CF2D8007B2533 /* Data.c */,
				83CF09F5210CF2D8007B2533 /* Data.h */,
				83CF09F6210CF2D8007B2533 /* Debug.c */,
				83CF09F7210CF2D8007B2533 /* Debug.h */,
				83CF09F8210CF2D8007B2533 /* Entity.c */,
				83CF09F9210CF2D8007B2533 /* Entity.h */,
				83CF09FA210CF2D8007B2533 /* Game.c */,
				83CF09FB210CF2D8007B2533 /* Game.h */,
				83CF09FC210CF2D8007B2533 /* Game_private.c */,
				83CF09FD210CF2D8007B2533 /* Game_private.h */,
				83CF09FE210CF2D8007B2533 /* Input.c */,
				83CF09FF210CF2D8007B2533 /* Input.h */,
				83CF0A00210CF2D8007B2533 /* Input_private.c */,
				83CF0A01210CF2D8007B2533 /* Input_private.h */,
				83CF0A02210CF2D8007B2533 /* Label.c */,
				83CF0A03210CF2D8007B2533 /* Label.h */,
				83CF0A04210CF2D8007B2533 /* Label_private.c */,
				83CF0A05210CF2D8007B2533 /* Label_private.h */,
				83CF0A06210CF2D8007B2533 /* State.c */,
				83CF0A07210CF2D8007B2533 /* State.h */,
				83CF0A08210CF2D8007B2533 /* Time_.c */,
				83CF0A09210CF2D8007B2533 /* Time_.h */,
				83CF0A0A210CF2D8007B2533 /* Time_private.c */,
				83CF0A0B210CF2D8007B2533 /* Time_private.h */,
				83CF0A0C210CF2D8007B2533 /* TypesCore.h */,
				83CF0A0D210CF2D8007B2533 /* Window.c */,
				83CF0A0E210CF2D8007B2533 /* Window.h */,
			);
			name = Core;
			path = src/Core;
			sourceTree = "<group>";
		};
		83CF0A10210CF2D8007B2533 /* Framework */ = {
			isa = PBXGroup;
			children = (
				83CF0A11210CF2D8007B2533 /* Assert.c */,
				83CF0A12210CF2D8007B2533 /* Assert.h */,
				83CF0A13210CF2D8007B2533 /* Log.c */,
				83CF0A14210CF2D8007B2533 /* Log.h */,
				83CF0A15210CF2D8007B2533 /* Memory_.c */,
				83CF0A16210CF2D8007B2533 /* Memory_.h */,
				83CF0A17210CF2D8007B2533 /* Random.c */,
				83CF0A18210CF2D8007B2533 /* Random.h */,
				83CF0A19210CF2D8007B2533 /* Std_.c */,
				83CF0A1A210CF2D8007B2533 /* Std_.h */,
				83CF0A1B210CF2D8007B2533 /* String_.c */,
				83CF0A1C210CF2D8007B2533 /* String_.h */,
				83CF0A1D210CF2D8007B2533 /* Terminal.c */,
				83CF0A1E210CF2D8007B2533 /* Terminal.h */,
				83CF0A1F210CF2D8007B2533 /* Terminal_private.c */,
				83CF0A20210CF2D8007B2533 /* Terminal_private.h */,
				83CF0A21210CF2D8007B2533 /* TypesFramework.h */,
			);
			name = Framework;
			path = src/Framework;
			sourceTree = "<group>";
		};
		83CF0A22210CF2D8007B2533 /* Physics */ = {
			isa = PBXGroup;
			children = (
				83CF0A23210CF2D8007B2533 /* TypesPhysics.h */,
			);
			name = Physics;
			path = src/Physics;
			sourceTree = "<group>";
		};
		83CF0A24210CF2D8007B2533 /* Raw */ = {
			isa = PBXGroup;
			children = (
				83CF0A25210CF2D8007B2533 /* Error.c */,
				83CF0A26210CF2D8007B2533 /* Icon.c */,
			);
			name = Raw;
			path = src/Raw;
			sourceTree = "<group>";
		};
		83D5A2B0210CEABC00B3D17D = {
			isa = PBXGroup;
			children = (
				83D5A2BB210CEABC00B3D17D /* ICEngine */,
				83D5A2BA210CEABC00B3D17D /* Products */,
				83D5A2CC210CEB8400B3D17D /* Frameworks */,
			);
			sourceTree = "<group>";
		};
		83D5A2BA210CEABC00B3D17D /* Products */ = {
			isa = PBXGroup;
			children = (
				83D5A2B9210CEABC00B3D17D /* ICEngine */,
			);
			name = Products;
			sourceTree = "<group>";
		};
		83D5A2BB210CEABC00B3D17D /* ICEngine */ = {
			isa = PBXGroup;
			children = (
				83CF096D210CF2D7007B2533 /* Audio */,
				83CF09EA210CF2D8007B2533 /* Core */,
				83CF0991210CF2D7007B2533 /* External */,
				83CF0A10210CF2D8007B2533 /* Framework */,
				83CF0975210CF2D7007B2533 /* Graphics */,
				83CF0A27210CF2D8007B2533 /* ICE.h */,
				83CF0A0F210CF2D8007B2533 /* main.c */,
				83CF09E3210CF2D7007B2533 /* Maths */,
				83CF0A22210CF2D8007B2533 /* Physics */,
				83CF0A24210CF2D8007B2533 /* Raw */,
			);
			path = ICEngine;
			sourceTree = "<group>";
		};
		83D5A2CC210CEB8400B3D17D /* Frameworks */ = {
			isa = PBXGroup;
			children = (
				83D5A2CD210CEB8400B3D17D /* SDL2_mixer.framework */,
				83D5A2CE210CEB8500B3D17D /* SDL2_ttf.framework */,
				83D5A2CF210CEB8500B3D17D /* SDL2.framework */,
			);
			name = Frameworks;
			sourceTree = "<group>";
		};
/* End PBXGroup section */

/* Begin PBXNativeTarget section */
		83D5A2B8210CEABC00B3D17D /* ICEngine */ = {
			isa = PBXNativeTarget;
			buildConfigurationList = 83D5A2C0210CEABC00B3D17D /* Build configuration list for PBXNativeTarget "ICEngine" */;
			buildPhases = (
				83D5A2B5210CEABC00B3D17D /* Sources */,
				83D5A2B6210CEABC00B3D17D /* Frameworks */,
				83D5A2B7210CEABC00B3D17D /* CopyFiles */,
			);
			buildRules = (
			);
			dependencies = (
			);
			name = ICEngine;
			productName = ICEngine;
			productReference = 83D5A2B9210CEABC00B3D17D /* ICEngine */;
			productType = "com.apple.product-type.tool";
		};
/* End PBXNativeTarget section */

/* Begin PBXProject section */
		83D5A2B1210CEABC00B3D17D /* Project object */ = {
			isa = PBXProject;
			attributes = {
				LastUpgradeCheck = 0940;
				ORGANIZATIONNAME = ***REMOVED***;
				TargetAttributes = {
					83D5A2B8210CEABC00B3D17D = {
						CreatedOnToolsVersion = 9.4.1;
					};
				};
			};
			buildConfigurationList = 83D5A2B4210CEABC00B3D17D /* Build configuration list for PBXProject "ICEngine" */;
			compatibilityVersion = "Xcode 9.3";
			developmentRegion = en;
			hasScannedForEncodings = 0;
			knownRegions = (
				en,
			);
			mainGroup = 83D5A2B0210CEABC00B3D17D;
			productRefGroup = 83D5A2BA210CEABC00B3D17D /* Products */;
			projectDirPath = "";
			projectRoot = "";
			targets = (
				83D5A2B8210CEABC00B3D17D /* ICEngine */,
			);
		};
/* End PBXProject section */

/* Begin PBXSourcesBuildPhase section */
		83D5A2B5210CEABC00B3D17D /* Sources */ = {
			isa = PBXSourcesBuildPhase;
			buildActionMask = 2147483647;
			files = (
				83CF0A53210CF2D8007B2533 /* cpSpaceQuery.c in Sources */,
				83CF0A2D210CF2D8007B2533 /* Draw.c in Sources */,
				83CF0A3C210CF2D8007B2533 /* cpCollision.c in Sources */,
				83CF0A30210CF2D8007B2533 /* Gui_private.c in Sources */,
				83CF0A5C210CF2D8007B2533 /* Interpolate.c in Sources */,
				83CF0A64210CF2D8007B2533 /* Game.c in Sources */,
				83CF0A65210CF2D8007B2533 /* Game_private.c in Sources */,
				83CF0A2B210CF2D8007B2533 /* Animation.c in Sources */,
				83CF0A55210CF2D8007B2533 /* cpSpatialIndex.c in Sources */,
				83CF0A4F210CF2D8007B2533 /* cpSpace.c in Sources */,
				83467526210DF0F900FDAAA8 /* SDL2_framerate.c in Sources */,
				83CF0A40210CF2D8007B2533 /* cpGearJoint.c in Sources */,
				83CF0A35210CF2D8007B2533 /* Texture.c in Sources */,
				83CF0A63210CF2D8007B2533 /* Entity.c in Sources */,
				83CF0A71210CF2D8007B2533 /* Memory_.c in Sources */,
				83CF0A50210CF2D8007B2533 /* cpSpaceComponent.c in Sources */,
				83CF0A41210CF2D8007B2533 /* cpGrooveJoint.c in Sources */,
				83467529210DF0F900FDAAA8 /* SDL2_rotozoom.c in Sources */,
				83467527210DF0F900FDAAA8 /* SDL2_gfxPrimitives.c in Sources */,
				83CF0A29210CF2D8007B2533 /* Music.c in Sources */,
				83CF0A46210CF2D8007B2533 /* cpPivotJoint.c in Sources */,
				83CF0A43210CF2D8007B2533 /* cpHastySpace.c in Sources */,
				83CF0A5D210CF2D8007B2533 /* Asset.c in Sources */,
				83CF0A4C210CF2D8007B2533 /* cpShape.c in Sources */,
				83CF0A37210CF2D8007B2533 /* chipmunk.c in Sources */,
				83CF0A60210CF2D8007B2533 /* Core_private.c in Sources */,
				83CF0A3A210CF2D8007B2533 /* cpBBTree.c in Sources */,
				83CF0A4B210CF2D8007B2533 /* cpRotaryLimitJoint.c in Sources */,
				83CF0A34210CF2D8007B2533 /* Sprite.c in Sources */,
				83CF0A44210CF2D8007B2533 /* cpMarch.c in Sources */,
				83CF0A31210CF2D8007B2533 /* Primitive.c in Sources */,
				83CF0A6D210CF2D8007B2533 /* Window.c in Sources */,
				83CF0A75210CF2D8007B2533 /* Terminal.c in Sources */,
				83CF0A38210CF2D8007B2533 /* cpArbiter.c in Sources */,
				83CF0A57210CF2D8007B2533 /* rlutil.c in Sources */,
				83CF0A61210CF2D8007B2533 /* Data.c in Sources */,
				83CF0A54210CF2D8007B2533 /* cpSpaceStep.c in Sources */,
				83CF0A4D210CF2D8007B2533 /* cpSimpleMotor.c in Sources */,
				83CF0A33210CF2D8007B2533 /* Render_private.c in Sources */,
				83CF0A70210CF2D8007B2533 /* Log.c in Sources */,
				83CF0A68210CF2D8007B2533 /* Label.c in Sources */,
				83CF0A76210CF2D8007B2533 /* Terminal_private.c in Sources */,
				83CF0A6A210CF2D8007B2533 /* State.c in Sources */,
				83CF0A4A210CF2D8007B2533 /* cpRobust.c in Sources */,
				83CF0A72210CF2D8007B2533 /* Random.c in Sources */,
				83CF0A3D210CF2D8007B2533 /* cpConstraint.c in Sources */,
				83CF0A42210CF2D8007B2533 /* cpHashSet.c in Sources */,
				83CF0A39210CF2D8007B2533 /* cpArray.c in Sources */,
				83CF0A66210CF2D8007B2533 /* Input.c in Sources */,
				83467528210DF0F900FDAAA8 /* SDL2_imageFilter.c in Sources */,
				83CF0A32210CF2D8007B2533 /* Render.c in Sources */,
				83CF0A67210CF2D8007B2533 /* Input_private.c in Sources */,
				83CF0A77210CF2D8007B2533 /* Error.c in Sources */,
				83CF0A3F210CF2D8007B2533 /* cpDampedSpring.c in Sources */,
				83CF0A62210CF2D8007B2533 /* Debug.c in Sources */,
				83CF0A48210CF2D8007B2533 /* cpPolyShape.c in Sources */,
				83CF0A6C210CF2D8007B2533 /* Time_private.c in Sources */,
				83CF0A6B210CF2D8007B2533 /* Time_.c in Sources */,
				83CF0A6F210CF2D8007B2533 /* Assert.c in Sources */,
				83CF0A74210CF2D8007B2533 /* String_.c in Sources */,
				83CF0A5F210CF2D8007B2533 /* Core.c in Sources */,
				83CF0A2C210CF2D8007B2533 /* Camera.c in Sources */,
				83CF0A69210CF2D8007B2533 /* Label_private.c in Sources */,
				83CF0A3B210CF2D8007B2533 /* cpBody.c in Sources */,
				83CF0A3E210CF2D8007B2533 /* cpDampedRotarySpring.c in Sources */,
				83CF0A2A210CF2D8007B2533 /* Sound.c in Sources */,
				83CF0A28210CF2D8007B2533 /* Audio.c in Sources */,
				83CF0A2F210CF2D8007B2533 /* Gui.c in Sources */,
				83CF0A36210CF2D8007B2533 /* Texture_private.c in Sources */,
				83CF0A45210CF2D8007B2533 /* cpPinJoint.c in Sources */,
				83CF0A78210CF2D8007B2533 /* Icon.c in Sources */,
				83CF0A56210CF2D8007B2533 /* cpSweep1D.c in Sources */,
				83CF0A49210CF2D8007B2533 /* cpRatchetJoint.c in Sources */,
				83CF0A2E210CF2D8007B2533 /* Font.c in Sources */,
				83CF0A5E210CF2D8007B2533 /* Asset_private.c in Sources */,
				83CF0A51210CF2D8007B2533 /* cpSpaceDebug.c in Sources */,
				83CF0A6E210CF2D8007B2533 /* main.c in Sources */,
				83CF0A52210CF2D8007B2533 /* cpSpaceHash.c in Sources */,
				83CF0A47210CF2D8007B2533 /* cpPolyline.c in Sources */,
				83CF0A73210CF2D8007B2533 /* Std_.c in Sources */,
				83CF0A4E210CF2D8007B2533 /* cpSlideJoint.c in Sources */,
			);
			runOnlyForDeploymentPostprocessing = 0;
		};
/* End PBXSourcesBuildPhase section */

/* Begin XCBuildConfiguration section */
		83D5A2BE210CEABC00B3D17D /* Debug */ = {
			isa = XCBuildConfiguration;
			buildSettings = {
				ALWAYS_SEARCH_USER_PATHS = NO;
				CLANG_ANALYZER_NONNULL = YES;
				CLANG_ANALYZER_NUMBER_OBJECT_CONVERSION = YES_AGGRESSIVE;
				CLANG_CXX_LANGUAGE_STANDARD = "gnu++14";
				CLANG_CXX_LIBRARY = "libc++";
				CLANG_ENABLE_MODULES = YES;
				CLANG_ENABLE_OBJC_ARC = YES;
				CLANG_ENABLE_OBJC_WEAK = YES;
				CLANG_WARN_BLOCK_CAPTURE_AUTORELEASING = YES;
				CLANG_WARN_BOOL_CONVERSION = YES;
				CLANG_WARN_COMMA = YES;
				CLANG_WARN_CONSTANT_CONVERSION = YES;
				CLANG_WARN_DEPRECATED_OBJC_IMPLEMENTATIONS = YES;
				CLANG_WARN_DIRECT_OBJC_ISA_USAGE = YES_ERROR;
				CLANG_WARN_DOCUMENTATION_COMMENTS = YES;
				CLANG_WARN_EMPTY_BODY = YES;
				CLANG_WARN_ENUM_CONVERSION = YES;
				CLANG_WARN_INFINITE_RECURSION = YES;
				CLANG_WARN_INT_CONVERSION = YES;
				CLANG_WARN_NON_LITERAL_NULL_CONVERSION = YES;
				CLANG_WARN_OBJC_IMPLICIT_RETAIN_SELF = YES;
				CLANG_WARN_OBJC_LITERAL_CONVERSION = YES;
				CLANG_WARN_OBJC_ROOT_CLASS = YES_ERROR;
				CLANG_WARN_RANGE_LOOP_ANALYSIS = YES;
				CLANG_WARN_STRICT_PROTOTYPES = YES;
				CLANG_WARN_SUSPICIOUS_MOVE = YES;
				CLANG_WARN_UNGUARDED_AVAILABILITY = YES_AGGRESSIVE;
				CLANG_WARN_UNREACHABLE_CODE = YES;
				CLANG_WARN__DUPLICATE_METHOD_MATCH = YES;
				CODE_SIGN_IDENTITY = "-";
				COPY_PHASE_STRIP = NO;
				DEBUG_INFORMATION_FORMAT = dwarf;
				ENABLE_STRICT_OBJC_MSGSEND = YES;
				ENABLE_TESTABILITY = YES;
				GCC_C_LANGUAGE_STANDARD = gnu11;
				GCC_DYNAMIC_NO_PIC = NO;
				GCC_NO_COMMON_BLOCKS = YES;
				GCC_OPTIMIZATION_LEVEL = 0;
				GCC_PREPROCESSOR_DEFINITIONS = (
					"DEBUG=1",
					"$(inherited)",
				);
				GCC_WARN_64_TO_32_BIT_CONVERSION = YES;
				GCC_WARN_ABOUT_RETURN_TYPE = YES_ERROR;
				GCC_WARN_UNDECLARED_SELECTOR = YES;
				GCC_WARN_UNINITIALIZED_AUTOS = YES_AGGRESSIVE;
				GCC_WARN_UNUSED_FUNCTION = YES;
				GCC_WARN_UNUSED_VARIABLE = YES;
				MACOSX_DEPLOYMENT_TARGET = 10.13;
				MTL_ENABLE_DEBUG_INFO = YES;
				ONLY_ACTIVE_ARCH = YES;
				SDKROOT = macosx;
			};
			name = Debug;
		};
		83D5A2BF210CEABC00B3D17D /* Release */ = {
			isa = XCBuildConfiguration;
			buildSettings = {
				ALWAYS_SEARCH_USER_PATHS = NO;
				CLANG_ANALYZER_NONNULL = YES;
				CLANG_ANALYZER_NUMBER_OBJECT_CONVERSION = YES_AGGRESSIVE;
				CLANG_CXX_LANGUAGE_STANDARD = "gnu++14";
				CLANG_CXX_LIBRARY = "libc++";
				CLANG_ENABLE_MODULES = YES;
				CLANG_ENABLE_OBJC_ARC = YES;
				CLANG_ENABLE_OBJC_WEAK = YES;
				CLANG_WARN_BLOCK_CAPTURE_AUTORELEASING = YES;
				CLANG_WARN_BOOL_CONVERSION = YES;
				CLANG_WARN_COMMA = YES;
				CLANG_WARN_CONSTANT_CONVERSION = YES;
				CLANG_WARN_DEPRECATED_OBJC_IMPLEMENTATIONS = YES;
				CLANG_WARN_DIRECT_OBJC_ISA_USAGE = YES_ERROR;
				CLANG_WARN_DOCUMENTATION_COMMENTS = YES;
				CLANG_WARN_EMPTY_BODY = YES;
				CLANG_WARN_ENUM_CONVERSION = YES;
				CLANG_WARN_INFINITE_RECURSION = YES;
				CLANG_WARN_INT_CONVERSION = YES;
				CLANG_WARN_NON_LITERAL_NULL_CONVERSION = YES;
				CLANG_WARN_OBJC_IMPLICIT_RETAIN_SELF = YES;
				CLANG_WARN_OBJC_LITERAL_CONVERSION = YES;
				CLANG_WARN_OBJC_ROOT_CLASS = YES_ERROR;
				CLANG_WARN_RANGE_LOOP_ANALYSIS = YES;
				CLANG_WARN_STRICT_PROTOTYPES = YES;
				CLANG_WARN_SUSPICIOUS_MOVE = YES;
				CLANG_WARN_UNGUARDED_AVAILABILITY = YES_AGGRESSIVE;
				CLANG_WARN_UNREACHABLE_CODE = YES;
				CLANG_WARN__DUPLICATE_METHOD_MATCH = YES;
				CODE_SIGN_IDENTITY = "-";
				COPY_PHASE_STRIP = NO;
				DEBUG_INFORMATION_FORMAT = "dwarf-with-dsym";
				ENABLE_NS_ASSERTIONS = NO;
				ENABLE_STRICT_OBJC_MSGSEND = YES;
				GCC_C_LANGUAGE_STANDARD = gnu11;
				GCC_NO_COMMON_BLOCKS = YES;
				GCC_WARN_64_TO_32_BIT_CONVERSION = YES;
				GCC_WARN_ABOUT_RETURN_TYPE = YES_ERROR;
				GCC_WARN_UNDECLARED_SELECTOR = YES;
				GCC_WARN_UNINITIALIZED_AUTOS = YES_AGGRESSIVE;
				GCC_WARN_UNUSED_FUNCTION = YES;
				GCC_WARN_UNUSED_VARIABLE = YES;
				MACOSX_DEPLOYMENT_TARGET = 10.13;
				MTL_ENABLE_DEBUG_INFO = NO;
				SDKROOT = macosx;
			};
			name = Release;
		};
		83D5A2C1210CEABC00B3D17D /* Debug */ = {
			isa = XCBuildConfiguration;
			buildSettings = {
				CODE_SIGN_STYLE = Automatic;
				FRAMEWORK_SEARCH_PATHS = (
					"$(inherited)",
					"$(LOCAL_LIBRARY_DIR)/Frameworks",
				);
				PRODUCT_NAME = "$(TARGET_NAME)";
			};
			name = Debug;
		};
		83D5A2C2210CEABC00B3D17D /* Release */ = {
			isa = XCBuildConfiguration;
			buildSettings = {
				CODE_SIGN_STYLE = Automatic;
				FRAMEWORK_SEARCH_PATHS = (
					"$(inherited)",
					"$(LOCAL_LIBRARY_DIR)/Frameworks",
				);
				PRODUCT_NAME = "$(TARGET_NAME)";
			};
			name = Release;
		};
/* End XCBuildConfiguration section */

/* Begin XCConfigurationList section */
		83D5A2B4210CEABC00B3D17D /* Build configuration list for PBXProject "ICEngine" */ = {
			isa = XCConfigurationList;
			buildConfigurations = (
				83D5A2BE210CEABC00B3D17D /* Debug */,
				83D5A2BF210CEABC00B3D17D /* Release */,
			);
			defaultConfigurationIsVisible = 0;
			defaultConfigurationName = Release;
		};
		83D5A2C0210CEABC00B3D17D /* Build configuration list for PBXNativeTarget "ICEngine" */ = {
			isa = XCConfigurationList;
			buildConfigurations = (
				83D5A2C1210CEABC00B3D17D /* Debug */,
				83D5A2C2210CEABC00B3D17D /* Release */,
			);
			defaultConfigurationIsVisible = 0;
			defaultConfigurationName = Release;
		};
/* End XCConfigurationList section */
	};
	rootObject = 83D5A2B1210CEABC00B3D17D /* Project object */;
}
